PODS:
  - Cosmos (20.0.1)
  - Crashlytics (3.14.0):
    - Fabric (~> 1.10.2)
  - DACircularProgress (2.3.1)
  - Eureka (5.1.0)
  - Fabric (1.10.2)
  - FontAwesome.swift (1.8.3)
  - iCarousel (1.8.3)
  - IDMPhotoBrowser (1.10.2):
    - DACircularProgress
    - pop
    - SDWebImage
  - InAppSettingsKit (2.14)
  - Kanna (4.0.3)
  - KeychainAccess (4.1.0)
  - ManaKit (6.1.4):
    - Kanna
    - KeychainAccess
    - PromiseKit
    - SDWebImage
    - SSZipArchive
    - Sync
  - MBProgressHUD (1.1.0)
  - MMDrawerController (0.6.0):
    - MMDrawerController/Core (= 0.6.0)
    - MMDrawerController/MMDrawerBarButtonItem (= 0.6.0)
    - MMDrawerController/MMDrawerVisualStates (= 0.6.0)
    - MMDrawerController/Subclass (= 0.6.0)
  - "MMDrawerController+Storyboard (0.0.2)":
    - MMDrawerController
  - MMDrawerController/Core (0.6.0)
  - MMDrawerController/MMDrawerBarButtonItem (0.6.0):
    - MMDrawerController/Core
  - MMDrawerController/MMDrawerVisualStates (0.6.0):
    - MMDrawerController/Core
  - MMDrawerController/Subclass (0.6.0):
    - MMDrawerController/Core
  - NYAlertViewController (1.3.0)
  - OAuthSwift (2.1.0)
  - pop (1.0.12)
  - PromiseKit (6.12.0):
    - PromiseKit/CorePromise (= 6.12.0)
    - PromiseKit/Foundation (= 6.12.0)
    - PromiseKit/UIKit (= 6.12.0)
  - PromiseKit/CorePromise (6.12.0)
  - PromiseKit/Foundation (6.12.0):
    - PromiseKit/CorePromise
  - PromiseKit/UIKit (6.12.0):
    - PromiseKit/CorePromise
  - SDWebImage (5.0.6):
    - SDWebImage/Core (= 5.0.6)
  - SDWebImage/Core (5.0.6)
  - SimulatorStatusMagic (2.4.1)
  - SSZipArchive (2.2.2)
  - Sync (6.0.0)

DEPENDENCIES:
  - Cosmos
  - Crashlytics
  - Eureka
  - Fabric
  - FontAwesome.swift
  - iCarousel
  - IDMPhotoBrowser
  - InAppSettingsKit
  - Kanna (~> 4.0.0)
  - ManaKit
  - MBProgressHUD
  - MMDrawerController
  - "MMDrawerController+Storyboard"
  - NYAlertViewController
  - OAuthSwift
  - PromiseKit
  - SDWebImage (~> 5.0.2)
  - SimulatorStatusMagic
  - SSZipArchive

SPEC REPOS:
  trunk:
    - Cosmos
    - Crashlytics
    - DACircularProgress
    - Eureka
    - Fabric
    - FontAwesome.swift
    - iCarousel
    - IDMPhotoBrowser
    - InAppSettingsKit
    - Kanna
    - KeychainAccess
    - ManaKit
    - MBProgressHUD
    - MMDrawerController
    - "MMDrawerController+Storyboard"
    - NYAlertViewController
    - OAuthSwift
    - pop
    - PromiseKit
    - SDWebImage
    - SimulatorStatusMagic
    - SSZipArchive
    - Sync

SPEC CHECKSUMS:
  Cosmos: b47fddf2102bb48580cd3025d9ce0a5c658a65da
  Crashlytics: 540b7e5f5da5a042647227a5e3ac51d85eed06df
  DACircularProgress: 4dd437c0fc3da5161cb289e07ac449493d41db71
  Eureka: 18a5076dcf0c41f9cd9748aa1c42f4d11434bdae
  Fabric: 706c8b8098fff96c33c0db69cbf81f9c551d0d74
  FontAwesome.swift: 2a3235131a6caffc6b2ccba318e94d793b2fd342
  iCarousel: d782f635afac190c49bb8ee455882284cff8b85f
  IDMPhotoBrowser: 4bb459b1faffc228e92bccdf7c54ad6d6b7e8c37
  InAppSettingsKit: 800853da39388780c15191846688c0974c5b13b5
  Kanna: 0ebbdd0e7e3308f0aafbd569e79c8cadc5eb877c
  KeychainAccess: 445e28864fe6d3458b41fa211bcdc39890e8bd5a
  ManaKit: affb082c25f61e18b7fe93347c80deb915e194f3
  MBProgressHUD: e7baa36a220447d8aeb12769bf0585582f3866d9
  MMDrawerController: e3a54a5570388463ad3b36975251575b50c4e1a0
  "MMDrawerController+Storyboard": c98f86c0f32cdef1d466d19a7da3ad2fc6c6ac00
  NYAlertViewController: b93f82e2c1fc6d5e9485512ddbe7b481f463a074
  OAuthSwift: ab1675598273e04355e0282459c328e65c9ddacd
  pop: d582054913807fd11fd50bfe6a539d91c7e1a55a
  PromiseKit: c06835ba442ce5454ce3cdde470232804a6e4ff8
  SDWebImage: 920f1a2ff1ca8296ad34f6e0510a1ef1d70ac965
  SimulatorStatusMagic: 28d4a9d1a500ac7cea0b2b5a43c1c6ddb40ba56c
  SSZipArchive: fa16b8cc4cdeceb698e5e5d9f67e9558532fbf23
  Sync: a6288926bee65a1ac3c72055446c558776af43f3

PODFILE CHECKSUM: cfa62f0f2be9605cefc714d4f42e951117844d12

COCOAPODS: 1.8.4
