// !$*UTF8*$!
{
	archiveVersion = 1;
	classes = {
	};
	objectVersion = 55;
	objects = {

/* Begin PBXBuildFile section */
		580D25052B1284BA00D10942 /* CardsSearchResultsView.swift in Sources */ = {isa = PBXBuildFile; fileRef = 580D25042B1284BA00D10942 /* CardsSearchResultsView.swift */; };
		580D25062B1284BA00D10942 /* CardsSearchResultsView.swift in Sources */ = {isa = PBXBuildFile; fileRef = 580D25042B1284BA00D10942 /* CardsSearchResultsView.swift */; };
		5828109F2AF89F4D0000749C /* CacheAsyncImage.swift in Sources */ = {isa = PBXBuildFile; fileRef = 5828109E2AF89F4D0000749C /* CacheAsyncImage.swift */; };
		582810A02AF89F4D0000749C /* CacheAsyncImage.swift in Sources */ = {isa = PBXBuildFile; fileRef = 5828109E2AF89F4D0000749C /* CacheAsyncImage.swift */; };
		583684B82AF1FFF400DFE9EB /* SwiftUIIntrospect in Frameworks */ = {isa = PBXBuildFile; productRef = 583684B72AF1FFF400DFE9EB /* SwiftUIIntrospect */; };
		583684BF2AF200AE00DFE9EB /* ScalingHeaderScrollView in Frameworks */ = {isa = PBXBuildFile; productRef = 583684BE2AF200AE00DFE9EB /* ScalingHeaderScrollView */; };
		583684C12AF21C0600DFE9EB /* SetHeaderView.swift in Sources */ = {isa = PBXBuildFile; fileRef = 583684C02AF21C0600DFE9EB /* SetHeaderView.swift */; };
		583684C22AF21C0600DFE9EB /* SetHeaderView.swift in Sources */ = {isa = PBXBuildFile; fileRef = 583684C02AF21C0600DFE9EB /* SetHeaderView.swift */; };
		58452D282B68627E00612960 /* ManaKit in Frameworks */ = {isa = PBXBuildFile; productRef = 58452D272B68627E00612960 /* ManaKit */; };
		584A9A9A2B65E7FA0096479C /* SetsDisclosureStyyle.swift in Sources */ = {isa = PBXBuildFile; fileRef = 584A9A992B65E7FA0096479C /* SetsDisclosureStyyle.swift */; };
		5858F41D2AF772C30067919E /* CardOtherPrintingsView.swift in Sources */ = {isa = PBXBuildFile; fileRef = 5858F41C2AF772C30067919E /* CardOtherPrintingsView.swift */; };
		5858F41E2AF772C30067919E /* CardOtherPrintingsView.swift in Sources */ = {isa = PBXBuildFile; fileRef = 5858F41C2AF772C30067919E /* CardOtherPrintingsView.swift */; };
		5858F4202AF7758C0067919E /* CardOtherPrintingsViewModel.swift in Sources */ = {isa = PBXBuildFile; fileRef = 5858F41F2AF7758C0067919E /* CardOtherPrintingsViewModel.swift */; };
		5858F4212AF7758C0067919E /* CardOtherPrintingsViewModel.swift in Sources */ = {isa = PBXBuildFile; fileRef = 5858F41F2AF7758C0067919E /* CardOtherPrintingsViewModel.swift */; };
		586B09D72AFC0C0E00325B3B /* CardOtherInfoView.swift in Sources */ = {isa = PBXBuildFile; fileRef = 586B09D62AFC0C0E00325B3B /* CardOtherInfoView.swift */; };
		586B09D82AFC0C0E00325B3B /* CardOtherInfoView.swift in Sources */ = {isa = PBXBuildFile; fileRef = 586B09D62AFC0C0E00325B3B /* CardOtherInfoView.swift */; };
		586B09DA2AFC0CB700325B3B /* CardCommonInfoView.swift in Sources */ = {isa = PBXBuildFile; fileRef = 586B09D92AFC0CB700325B3B /* CardCommonInfoView.swift */; };
		586B09DB2AFC0CB700325B3B /* CardCommonInfoView.swift in Sources */ = {isa = PBXBuildFile; fileRef = 586B09D92AFC0CB700325B3B /* CardCommonInfoView.swift */; };
		586B09DD2AFC0FD200325B3B /* CardPricingInfoView.swift in Sources */ = {isa = PBXBuildFile; fileRef = 586B09DC2AFC0FD200325B3B /* CardPricingInfoView.swift */; };
		586B09DE2AFC0FD200325B3B /* CardPricingInfoView.swift in Sources */ = {isa = PBXBuildFile; fileRef = 586B09DC2AFC0FD200325B3B /* CardPricingInfoView.swift */; };
		586B09E02AFC109200325B3B /* CardViewItemSource.swift in Sources */ = {isa = PBXBuildFile; fileRef = 586B09DF2AFC109200325B3B /* CardViewItemSource.swift */; };
		586B09E12AFC109200325B3B /* CardViewItemSource.swift in Sources */ = {isa = PBXBuildFile; fileRef = 586B09DF2AFC109200325B3B /* CardViewItemSource.swift */; };
		586B09E62AFC11E300325B3B /* CardExtraInfoView.swift in Sources */ = {isa = PBXBuildFile; fileRef = 586B09E52AFC11E300325B3B /* CardExtraInfoView.swift */; };
		586B09E72AFC11E300325B3B /* CardExtraInfoView.swift in Sources */ = {isa = PBXBuildFile; fileRef = 586B09E52AFC11E300325B3B /* CardExtraInfoView.swift */; };
		586B09EB2AFC6E7900325B3B /* CardsMenuView.swift in Sources */ = {isa = PBXBuildFile; fileRef = 586B09EA2AFC6E7900325B3B /* CardsMenuView.swift */; };
		58A147112B033A9E00A957B7 /* Launch Screen.storyboard in Resources */ = {isa = PBXBuildFile; fileRef = 58A147102B033A9E00A957B7 /* Launch Screen.storyboard */; };
		58A147122B033A9E00A957B7 /* Launch Screen.storyboard in Resources */ = {isa = PBXBuildFile; fileRef = 58A147102B033A9E00A957B7 /* Launch Screen.storyboard */; };
		58A147142B0345D800A957B7 /* SetsMenuView.swift in Sources */ = {isa = PBXBuildFile; fileRef = 58A147132B0345D800A957B7 /* SetsMenuView.swift */; };
		58A147152B0345D800A957B7 /* SetsMenuView.swift in Sources */ = {isa = PBXBuildFile; fileRef = 58A147132B0345D800A957B7 /* SetsMenuView.swift */; };
		58A147172B0348DC00A957B7 /* Notifications+Names.swift in Sources */ = {isa = PBXBuildFile; fileRef = 58A147162B0348DC00A957B7 /* Notifications+Names.swift */; };
		58A147182B0348DC00A957B7 /* Notifications+Names.swift in Sources */ = {isa = PBXBuildFile; fileRef = 58A147162B0348DC00A957B7 /* Notifications+Names.swift */; };
		58A1471A2B03E4E100A957B7 /* String+Utilities.swift in Sources */ = {isa = PBXBuildFile; fileRef = 58A147192B03E4E100A957B7 /* String+Utilities.swift */; };
		58A1471B2B03E4E100A957B7 /* String+Utilities.swift in Sources */ = {isa = PBXBuildFile; fileRef = 58A147192B03E4E100A957B7 /* String+Utilities.swift */; };
		58A1471C2B03E4E100A957B7 /* String+Utilities.swift in Sources */ = {isa = PBXBuildFile; fileRef = 58A147192B03E4E100A957B7 /* String+Utilities.swift */; };
		58A1471D2B03E4E100A957B7 /* String+Utilities.swift in Sources */ = {isa = PBXBuildFile; fileRef = 58A147192B03E4E100A957B7 /* String+Utilities.swift */; };
		58AA32B92B27B5FB003BC20D /* CardFilterSelectorView.swift in Sources */ = {isa = PBXBuildFile; fileRef = 58AA32B82B27B5FB003BC20D /* CardFilterSelectorView.swift */; };
		58AA32BF2B27DB3D003BC20D /* CardTypesViewModel.swift in Sources */ = {isa = PBXBuildFile; fileRef = 58AA32BE2B27DB3D003BC20D /* CardTypesViewModel.swift */; };
		58AB9C5B2B0FF37F00A73696 /* LabeledContentStyle+Styles.swift in Sources */ = {isa = PBXBuildFile; fileRef = 58AB9C5A2B0FF37F00A73696 /* LabeledContentStyle+Styles.swift */; };
		58AB9C5C2B0FF37F00A73696 /* LabeledContentStyle+Styles.swift in Sources */ = {isa = PBXBuildFile; fileRef = 58AB9C5A2B0FF37F00A73696 /* LabeledContentStyle+Styles.swift */; };
		58AB9C5D2B0FF37F00A73696 /* LabeledContentStyle+Styles.swift in Sources */ = {isa = PBXBuildFile; fileRef = 58AB9C5A2B0FF37F00A73696 /* LabeledContentStyle+Styles.swift */; };
		58AB9C5E2B0FF37F00A73696 /* LabeledContentStyle+Styles.swift in Sources */ = {isa = PBXBuildFile; fileRef = 58AB9C5A2B0FF37F00A73696 /* LabeledContentStyle+Styles.swift */; };
		58AB9C602B1195EE00A73696 /* CardsSearchFormView.swift in Sources */ = {isa = PBXBuildFile; fileRef = 58AB9C5F2B1195EE00A73696 /* CardsSearchFormView.swift */; };
		58AB9C612B1195EE00A73696 /* CardsSearchFormView.swift in Sources */ = {isa = PBXBuildFile; fileRef = 58AB9C5F2B1195EE00A73696 /* CardsSearchFormView.swift */; };
		58AB9C632B1195EE00A73696 /* CardsSearchFormView.swift in Sources */ = {isa = PBXBuildFile; fileRef = 58AB9C5F2B1195EE00A73696 /* CardsSearchFormView.swift */; };
		58AB9C652B119AC700A73696 /* CardsSearch.swift in Sources */ = {isa = PBXBuildFile; fileRef = 58AB9C642B119AC700A73696 /* CardsSearch.swift */; };
		58AB9C662B119AC700A73696 /* CardsSearch.swift in Sources */ = {isa = PBXBuildFile; fileRef = 58AB9C642B119AC700A73696 /* CardsSearch.swift */; };
		58AB9C672B119AC700A73696 /* CardsSearch.swift in Sources */ = {isa = PBXBuildFile; fileRef = 58AB9C642B119AC700A73696 /* CardsSearch.swift */; };
		58AB9C682B119AC700A73696 /* CardsSearch.swift in Sources */ = {isa = PBXBuildFile; fileRef = 58AB9C642B119AC700A73696 /* CardsSearch.swift */; };
		58AB9C6D2B11BEE300A73696 /* FlexibleView.swift in Sources */ = {isa = PBXBuildFile; fileRef = 58AB9C6C2B11BEE300A73696 /* FlexibleView.swift */; };
		58AB9C6E2B11BEE300A73696 /* FlexibleView.swift in Sources */ = {isa = PBXBuildFile; fileRef = 58AB9C6C2B11BEE300A73696 /* FlexibleView.swift */; };
		58AB9C702B11BF1A00A73696 /* _FlexibleView.swift in Sources */ = {isa = PBXBuildFile; fileRef = 58AB9C6F2B11BF1A00A73696 /* _FlexibleView.swift */; };
		58AB9C712B11BF1A00A73696 /* _FlexibleView.swift in Sources */ = {isa = PBXBuildFile; fileRef = 58AB9C6F2B11BF1A00A73696 /* _FlexibleView.swift */; };
		58AB9C772B11C0D500A73696 /* SizeReader.swift in Sources */ = {isa = PBXBuildFile; fileRef = 58AB9C762B11C0D500A73696 /* SizeReader.swift */; };
		58AB9C782B11C0D500A73696 /* SizeReader.swift in Sources */ = {isa = PBXBuildFile; fileRef = 58AB9C762B11C0D500A73696 /* SizeReader.swift */; };
		58C3A6A52B2A7D2300DD716A /* RaritiesViewModel.swift in Sources */ = {isa = PBXBuildFile; fileRef = 58C3A6A42B2A7D2300DD716A /* RaritiesViewModel.swift */; };
		58ED3E982B0ABE45003A93DD /* CardsImageView.swift in Sources */ = {isa = PBXBuildFile; fileRef = 58ED3E972B0ABE45003A93DD /* CardsImageView.swift */; };
		58ED3E9A2B0ABE54003A93DD /* CardsListView.swift in Sources */ = {isa = PBXBuildFile; fileRef = 58ED3E992B0ABE54003A93DD /* CardsListView.swift */; };
		58ED3E9C2B0AC271003A93DD /* CardsView.swift in Sources */ = {isa = PBXBuildFile; fileRef = 58ED3E9B2B0AC271003A93DD /* CardsView.swift */; };
		58ED3E9E2B0C064C003A93DD /* EmptyResultView.swift in Sources */ = {isa = PBXBuildFile; fileRef = 58ED3E9D2B0C064C003A93DD /* EmptyResultView.swift */; };
		58ED3E9F2B0C064C003A93DD /* EmptyResultView.swift in Sources */ = {isa = PBXBuildFile; fileRef = 58ED3E9D2B0C064C003A93DD /* EmptyResultView.swift */; };
		58ED3EA12B0C064C003A93DD /* EmptyResultView.swift in Sources */ = {isa = PBXBuildFile; fileRef = 58ED3E9D2B0C064C003A93DD /* EmptyResultView.swift */; };
		58EDF53A2B687F5800B88D8D /* TestView.swift in Sources */ = {isa = PBXBuildFile; fileRef = 58EDF5392B687F5800B88D8D /* TestView.swift */; };
		58F888622AFA8D7D00AE7031 /* ManaKit in Frameworks */ = {isa = PBXBuildFile; productRef = 58F888612AFA8D7D00AE7031 /* ManaKit */; };
		58FD5A5E2B2ACBA50051F785 /* GamesViewModel.swift in Sources */ = {isa = PBXBuildFile; fileRef = 58FD5A5D2B2ACBA50051F785 /* GamesViewModel.swift */; };
		58FD5A602B2ACC170051F785 /* KeywordsViewModel.swift in Sources */ = {isa = PBXBuildFile; fileRef = 58FD5A5F2B2ACC170051F785 /* KeywordsViewModel.swift */; };
		58FFCFB62B098A4A00813BC2 /* CardCarouselView.swift in Sources */ = {isa = PBXBuildFile; fileRef = 58FFCFB52B098A4A00813BC2 /* CardCarouselView.swift */; };
		58FFCFB72B098A4A00813BC2 /* CardCarouselView.swift in Sources */ = {isa = PBXBuildFile; fileRef = 58FFCFB52B098A4A00813BC2 /* CardCarouselView.swift */; };
		8B34024F2824CAF200AC2705 /* ASCollectionView in Frameworks */ = {isa = PBXBuildFile; productRef = 8B34024E2824CAF200AC2705 /* ASCollectionView */; };
		8B3695502845296200D1F544 /* SwiftUIPager in Frameworks */ = {isa = PBXBuildFile; productRef = 8B36954F2845296200D1F544 /* SwiftUIPager */; };
		8B41B74E2812144E00AECF85 /* Tests_iOS.swift in Sources */ = {isa = PBXBuildFile; fileRef = 8B41B74D2812144E00AECF85 /* Tests_iOS.swift */; };
		8B41B7502812144E00AECF85 /* Tests_iOSLaunchTests.swift in Sources */ = {isa = PBXBuildFile; fileRef = 8B41B74F2812144E00AECF85 /* Tests_iOSLaunchTests.swift */; };
		8B41B75A2812144F00AECF85 /* Tests_macOS.swift in Sources */ = {isa = PBXBuildFile; fileRef = 8B41B7592812144F00AECF85 /* Tests_macOS.swift */; };
		8B41B75C2812144F00AECF85 /* Tests_macOSLaunchTests.swift in Sources */ = {isa = PBXBuildFile; fileRef = 8B41B75B2812144F00AECF85 /* Tests_macOSLaunchTests.swift */; };
		8B41B75D2812144F00AECF85 /* ManaGuideApp.swift in Sources */ = {isa = PBXBuildFile; fileRef = 8B41B7352812144D00AECF85 /* ManaGuideApp.swift */; };
		8B41B75E2812144F00AECF85 /* ManaGuideApp.swift in Sources */ = {isa = PBXBuildFile; fileRef = 8B41B7352812144D00AECF85 /* ManaGuideApp.swift */; };
		8B41B7612812144F00AECF85 /* Assets.xcassets in Resources */ = {isa = PBXBuildFile; fileRef = 8B41B7372812144E00AECF85 /* Assets.xcassets */; };
		8B41B7622812144F00AECF85 /* Assets.xcassets in Resources */ = {isa = PBXBuildFile; fileRef = 8B41B7372812144E00AECF85 /* Assets.xcassets */; };
		8B41B783281257D300AECF85 /* ContentView.swift in Sources */ = {isa = PBXBuildFile; fileRef = 8B41B782281257D300AECF85 /* ContentView.swift */; };
		8B41B784281257D300AECF85 /* ContentView.swift in Sources */ = {isa = PBXBuildFile; fileRef = 8B41B782281257D300AECF85 /* ContentView.swift */; };
		8B41B78F281257F600AECF85 /* SetsViewModel.swift in Sources */ = {isa = PBXBuildFile; fileRef = 8B41B788281257F600AECF85 /* SetsViewModel.swift */; };
		8B41B790281257F600AECF85 /* SetsViewModel.swift in Sources */ = {isa = PBXBuildFile; fileRef = 8B41B788281257F600AECF85 /* SetsViewModel.swift */; };
		8B41B791281257F600AECF85 /* SetsView.swift in Sources */ = {isa = PBXBuildFile; fileRef = 8B41B789281257F600AECF85 /* SetsView.swift */; };
		8B41B792281257F600AECF85 /* SetsView.swift in Sources */ = {isa = PBXBuildFile; fileRef = 8B41B789281257F600AECF85 /* SetsView.swift */; };
		8B41B793281257F600AECF85 /* SetRowView.swift in Sources */ = {isa = PBXBuildFile; fileRef = 8B41B78A281257F600AECF85 /* SetRowView.swift */; };
		8B41B794281257F600AECF85 /* SetRowView.swift in Sources */ = {isa = PBXBuildFile; fileRef = 8B41B78A281257F600AECF85 /* SetRowView.swift */; };
		8B41B79B2812585300AECF85 /* SearchNavigation.swift in Sources */ = {isa = PBXBuildFile; fileRef = 8B41B7962812585300AECF85 /* SearchNavigation.swift */; };
		8B41B79C2812585300AECF85 /* SearchNavigation.swift in Sources */ = {isa = PBXBuildFile; fileRef = 8B41B7962812585300AECF85 /* SearchNavigation.swift */; };
		8B41B79D2812585300AECF85 /* View+Extras.swift in Sources */ = {isa = PBXBuildFile; fileRef = 8B41B7972812585300AECF85 /* View+Extras.swift */; };
		8B41B79E2812585300AECF85 /* View+Extras.swift in Sources */ = {isa = PBXBuildFile; fileRef = 8B41B7972812585300AECF85 /* View+Extras.swift */; };
		8B41B79F2812585300AECF85 /* WebView.swift in Sources */ = {isa = PBXBuildFile; fileRef = 8B41B7982812585300AECF85 /* WebView.swift */; };
		8B41B7A02812585300AECF85 /* WebView.swift in Sources */ = {isa = PBXBuildFile; fileRef = 8B41B7982812585300AECF85 /* WebView.swift */; };
		8B41B7A32812585300AECF85 /* Constants.swift in Sources */ = {isa = PBXBuildFile; fileRef = 8B41B79A2812585300AECF85 /* Constants.swift */; };
		8B41B7A42812585300AECF85 /* Constants.swift in Sources */ = {isa = PBXBuildFile; fileRef = 8B41B79A2812585300AECF85 /* Constants.swift */; };
		8B41B7EB281263B000AECF85 /* README.md in Resources */ = {isa = PBXBuildFile; fileRef = 8B41B7EA281263B000AECF85 /* README.md */; };
		8B41B83F28126ED700AECF85 /* NewsAPIManager.swift in Sources */ = {isa = PBXBuildFile; fileRef = 8B41B83B28126ED600AECF85 /* NewsAPIManager.swift */; };
		8B41B84028126ED700AECF85 /* NewsView.swift in Sources */ = {isa = PBXBuildFile; fileRef = 8B41B83C28126ED600AECF85 /* NewsView.swift */; };
		8B41B84128126ED700AECF85 /* NewsViewModel.swift in Sources */ = {isa = PBXBuildFile; fileRef = 8B41B83D28126ED600AECF85 /* NewsViewModel.swift */; };
		8B41B84228126ED700AECF85 /* NewsMap.swift in Sources */ = {isa = PBXBuildFile; fileRef = 8B41B83E28126ED700AECF85 /* NewsMap.swift */; };
		8B41B84B28126F9600AECF85 /* SearchPathsView.swift in Sources */ = {isa = PBXBuildFile; fileRef = 8B41B84928126F9600AECF85 /* SearchPathsView.swift */; };
		8B41B84F28126FC900AECF85 /* BusyView.swift in Sources */ = {isa = PBXBuildFile; fileRef = 8B41B84D28126FC900AECF85 /* BusyView.swift */; };
		8B41B85028126FC900AECF85 /* ErrorView.swift in Sources */ = {isa = PBXBuildFile; fileRef = 8B41B84E28126FC900AECF85 /* ErrorView.swift */; };
		8B68987F28724F8D003837F1 /* TextViewWrapper.swift in Sources */ = {isa = PBXBuildFile; fileRef = 8B68987E28724F8D003837F1 /* TextViewWrapper.swift */; };
		8B68988028724F8D003837F1 /* TextViewWrapper.swift in Sources */ = {isa = PBXBuildFile; fileRef = 8B68987E28724F8D003837F1 /* TextViewWrapper.swift */; };
		8B6CAF6C284043DC0073E8FE /* SnapshotHelper.swift in Sources */ = {isa = PBXBuildFile; fileRef = 8B6CAF6B284043DC0073E8FE /* SnapshotHelper.swift */; };
		8B75CA2428130B8900597662 /* Kanna in Frameworks */ = {isa = PBXBuildFile; productRef = 8B75CA2328130B8900597662 /* Kanna */; };
		8B75CA2728130BD100597662 /* BetterSafariView in Frameworks */ = {isa = PBXBuildFile; productRef = 8B75CA2628130BD100597662 /* BetterSafariView */; };
		8B75CA2A28130C0600597662 /* FeedKit in Frameworks */ = {isa = PBXBuildFile; productRef = 8B75CA2928130C0600597662 /* FeedKit */; };
		8B75CA3028130ECC00597662 /* FirebaseAuth in Frameworks */ = {isa = PBXBuildFile; productRef = 8B75CA2F28130ECC00597662 /* FirebaseAuth */; };
		8B75CA3228130ECC00597662 /* FirebaseCrashlytics in Frameworks */ = {isa = PBXBuildFile; productRef = 8B75CA3128130ECC00597662 /* FirebaseCrashlytics */; };
		8B75CA3428130ECC00597662 /* FirebaseDatabase in Frameworks */ = {isa = PBXBuildFile; productRef = 8B75CA3328130ECC00597662 /* FirebaseDatabase */; };
		8B75CA36281310F000597662 /* GoogleService-Info.plist in Resources */ = {isa = PBXBuildFile; fileRef = 8B75CA35281310F000597662 /* GoogleService-Info.plist */; };
		8B75CA37281310F000597662 /* GoogleService-Info.plist in Resources */ = {isa = PBXBuildFile; fileRef = 8B75CA35281310F000597662 /* GoogleService-Info.plist */; };
		8B75CA3E281311E000597662 /* Kanna in Frameworks */ = {isa = PBXBuildFile; productRef = 8B75CA3D281311E000597662 /* Kanna */; };
		8B75CA40281311E000597662 /* FeedKit in Frameworks */ = {isa = PBXBuildFile; productRef = 8B75CA3F281311E000597662 /* FeedKit */; };
		8B75CA44281311E000597662 /* FirebaseAuth in Frameworks */ = {isa = PBXBuildFile; productRef = 8B75CA43281311E000597662 /* FirebaseAuth */; };
		8B75CA46281311E000597662 /* FirebaseCrashlytics in Frameworks */ = {isa = PBXBuildFile; productRef = 8B75CA45281311E000597662 /* FirebaseCrashlytics */; };
		8B75CA48281311E000597662 /* FirebaseDatabase in Frameworks */ = {isa = PBXBuildFile; productRef = 8B75CA47281311E000597662 /* FirebaseDatabase */; };
		8B75CA4B28162BDD00597662 /* TabNavigationView.swift in Sources */ = {isa = PBXBuildFile; fileRef = 8B75CA4A28162BDD00597662 /* TabNavigationView.swift */; };
		8B75CA4D28162C2E00597662 /* SideNavigationView.swift in Sources */ = {isa = PBXBuildFile; fileRef = 8B75CA4C28162C2E00597662 /* SideNavigationView.swift */; };
		8B75CA4E28162C2E00597662 /* SideNavigationView.swift in Sources */ = {isa = PBXBuildFile; fileRef = 8B75CA4C28162C2E00597662 /* SideNavigationView.swift */; };
		8B75CA502816327F00597662 /* NewsFeedRowView.swift in Sources */ = {isa = PBXBuildFile; fileRef = 8B75CA4F2816327F00597662 /* NewsFeedRowView.swift */; };
		8B75CA512816327F00597662 /* NewsFeedRowView.swift in Sources */ = {isa = PBXBuildFile; fileRef = 8B75CA4F2816327F00597662 /* NewsFeedRowView.swift */; };
		8B75CA542816EE6C00597662 /* SwiftUIX in Frameworks */ = {isa = PBXBuildFile; productRef = 8B75CA532816EE6C00597662 /* SwiftUIX */; };
		8BAC9E44282F4036008848D8 /* Date+ElapsedTime.swift in Sources */ = {isa = PBXBuildFile; fileRef = 8BAC9E43282F4036008848D8 /* Date+ElapsedTime.swift */; };
		8BCE6005287000B700389713 /* SetView.swift in Sources */ = {isa = PBXBuildFile; fileRef = 8BCE6003287000B700389713 /* SetView.swift */; };
		8BCE6006287000B700389713 /* SetView.swift in Sources */ = {isa = PBXBuildFile; fileRef = 8BCE6003287000B700389713 /* SetView.swift */; };
		8BCE6007287000B700389713 /* SetViewModel.swift in Sources */ = {isa = PBXBuildFile; fileRef = 8BCE6004287000B700389713 /* SetViewModel.swift */; };
		8BCE6008287000B700389713 /* SetViewModel.swift in Sources */ = {isa = PBXBuildFile; fileRef = 8BCE6004287000B700389713 /* SetViewModel.swift */; };
		8BCE600A287000DE00389713 /* CardsViewModel.swift in Sources */ = {isa = PBXBuildFile; fileRef = 8BCE6009287000DE00389713 /* CardsViewModel.swift */; };
		8BCE600B287000DE00389713 /* CardsViewModel.swift in Sources */ = {isa = PBXBuildFile; fileRef = 8BCE6009287000DE00389713 /* CardsViewModel.swift */; };
		8BCE600D2870029C00389713 /* ViewModel.swift in Sources */ = {isa = PBXBuildFile; fileRef = 8BCE600C2870029C00389713 /* ViewModel.swift */; };
		8BCE600E2870029C00389713 /* ViewModel.swift in Sources */ = {isa = PBXBuildFile; fileRef = 8BCE600C2870029C00389713 /* ViewModel.swift */; };
		8BCE60102870066500389713 /* CardsStoreViews.swift in Sources */ = {isa = PBXBuildFile; fileRef = 8BCE600F2870066500389713 /* CardsStoreViews.swift */; };
		8BCE60112870066500389713 /* CardsStoreViews.swift in Sources */ = {isa = PBXBuildFile; fileRef = 8BCE600F2870066500389713 /* CardsStoreViews.swift */; };
		8BCE6013287006B900389713 /* CardsStoreView.swift in Sources */ = {isa = PBXBuildFile; fileRef = 8BCE6012287006B900389713 /* CardsStoreView.swift */; };
		8BCE6014287006B900389713 /* CardsStoreView.swift in Sources */ = {isa = PBXBuildFile; fileRef = 8BCE6012287006B900389713 /* CardsStoreView.swift */; };
		8BCE601928700C7000389713 /* CardViewModel.swift in Sources */ = {isa = PBXBuildFile; fileRef = 8BCE601828700C7000389713 /* CardViewModel.swift */; };
		8BCE601A28700C7000389713 /* CardViewModel.swift in Sources */ = {isa = PBXBuildFile; fileRef = 8BCE601828700C7000389713 /* CardViewModel.swift */; };
		8BCE601C2870101B00389713 /* CardView.swift in Sources */ = {isa = PBXBuildFile; fileRef = 8BCE601B2870101B00389713 /* CardView.swift */; };
		8BCE601D2870101B00389713 /* CardView.swift in Sources */ = {isa = PBXBuildFile; fileRef = 8BCE601B2870101B00389713 /* CardView.swift */; };
		8BCE601F2870108200389713 /* CardImageRowView.swift in Sources */ = {isa = PBXBuildFile; fileRef = 8BCE601E2870108200389713 /* CardImageRowView.swift */; };
		8BCE60202870108200389713 /* CardImageRowView.swift in Sources */ = {isa = PBXBuildFile; fileRef = 8BCE601E2870108200389713 /* CardImageRowView.swift */; };
		8BCE6022287011D700389713 /* CardListRowView.swift in Sources */ = {isa = PBXBuildFile; fileRef = 8BCE6021287011D700389713 /* CardListRowView.swift */; };
		8BCE6025287012C200389713 /* CardsStoreSeeAllView.swift in Sources */ = {isa = PBXBuildFile; fileRef = 8BCE6024287012C200389713 /* CardsStoreSeeAllView.swift */; };
		8BCE6026287012C200389713 /* CardsStoreSeeAllView.swift in Sources */ = {isa = PBXBuildFile; fileRef = 8BCE6024287012C200389713 /* CardsStoreSeeAllView.swift */; };
		8BCE602B28701B4800389713 /* CardsSearchViewModel.swift in Sources */ = {isa = PBXBuildFile; fileRef = 8BCE602A28701B4800389713 /* CardsSearchViewModel.swift */; };
		8BCE602C28701B4800389713 /* CardsSearchViewModel.swift in Sources */ = {isa = PBXBuildFile; fileRef = 8BCE602A28701B4800389713 /* CardsSearchViewModel.swift */; };
/* End PBXBuildFile section */

/* Begin PBXContainerItemProxy section */
		8B41B74A2812144E00AECF85 /* PBXContainerItemProxy */ = {
			isa = PBXContainerItemProxy;
			containerPortal = 8B41B7302812144D00AECF85 /* Project object */;
			proxyType = 1;
			remoteGlobalIDString = 8B41B73B2812144E00AECF85;
			remoteInfo = "ManaGuide (iOS)";
		};
		8B41B7562812144F00AECF85 /* PBXContainerItemProxy */ = {
			isa = PBXContainerItemProxy;
			containerPortal = 8B41B7302812144D00AECF85 /* Project object */;
			proxyType = 1;
			remoteGlobalIDString = 8B41B7412812144E00AECF85;
			remoteInfo = "ManaGuide (macOS)";
		};
/* End PBXContainerItemProxy section */

/* Begin PBXCopyFilesBuildPhase section */
		586B09D52AFB3DFE00325B3B /* Embed Frameworks */ = {
			isa = PBXCopyFilesBuildPhase;
			buildActionMask = 2147483647;
			dstPath = "";
			dstSubfolderSpec = 10;
			files = (
			);
			name = "Embed Frameworks";
			runOnlyForDeploymentPostprocessing = 0;
		};
/* End PBXCopyFilesBuildPhase section */

/* Begin PBXFileReference section */
		580D25042B1284BA00D10942 /* CardsSearchResultsView.swift */ = {isa = PBXFileReference; lastKnownFileType = sourcecode.swift; path = CardsSearchResultsView.swift; sourceTree = "<group>"; };
		5828109E2AF89F4D0000749C /* CacheAsyncImage.swift */ = {isa = PBXFileReference; lastKnownFileType = sourcecode.swift; path = CacheAsyncImage.swift; sourceTree = "<group>"; };
		583684C02AF21C0600DFE9EB /* SetHeaderView.swift */ = {isa = PBXFileReference; lastKnownFileType = sourcecode.swift; path = SetHeaderView.swift; sourceTree = "<group>"; };
		584A9A992B65E7FA0096479C /* SetsDisclosureStyyle.swift */ = {isa = PBXFileReference; lastKnownFileType = sourcecode.swift; path = SetsDisclosureStyyle.swift; sourceTree = "<group>"; };
		5858F41C2AF772C30067919E /* CardOtherPrintingsView.swift */ = {isa = PBXFileReference; lastKnownFileType = sourcecode.swift; path = CardOtherPrintingsView.swift; sourceTree = "<group>"; };
		5858F41F2AF7758C0067919E /* CardOtherPrintingsViewModel.swift */ = {isa = PBXFileReference; lastKnownFileType = sourcecode.swift; path = CardOtherPrintingsViewModel.swift; sourceTree = "<group>"; };
		586B09D62AFC0C0E00325B3B /* CardOtherInfoView.swift */ = {isa = PBXFileReference; lastKnownFileType = sourcecode.swift; path = CardOtherInfoView.swift; sourceTree = "<group>"; };
		586B09D92AFC0CB700325B3B /* CardCommonInfoView.swift */ = {isa = PBXFileReference; lastKnownFileType = sourcecode.swift; path = CardCommonInfoView.swift; sourceTree = "<group>"; };
		586B09DC2AFC0FD200325B3B /* CardPricingInfoView.swift */ = {isa = PBXFileReference; lastKnownFileType = sourcecode.swift; path = CardPricingInfoView.swift; sourceTree = "<group>"; };
		586B09DF2AFC109200325B3B /* CardViewItemSource.swift */ = {isa = PBXFileReference; lastKnownFileType = sourcecode.swift; path = CardViewItemSource.swift; sourceTree = "<group>"; };
		586B09E52AFC11E300325B3B /* CardExtraInfoView.swift */ = {isa = PBXFileReference; lastKnownFileType = sourcecode.swift; path = CardExtraInfoView.swift; sourceTree = "<group>"; };
		586B09EA2AFC6E7900325B3B /* CardsMenuView.swift */ = {isa = PBXFileReference; lastKnownFileType = sourcecode.swift; path = CardsMenuView.swift; sourceTree = "<group>"; };
		58A147102B033A9E00A957B7 /* Launch Screen.storyboard */ = {isa = PBXFileReference; lastKnownFileType = file.storyboard; path = "Launch Screen.storyboard"; sourceTree = "<group>"; };
		58A147132B0345D800A957B7 /* SetsMenuView.swift */ = {isa = PBXFileReference; lastKnownFileType = sourcecode.swift; path = SetsMenuView.swift; sourceTree = "<group>"; };
		58A147162B0348DC00A957B7 /* Notifications+Names.swift */ = {isa = PBXFileReference; lastKnownFileType = sourcecode.swift; path = "Notifications+Names.swift"; sourceTree = "<group>"; };
		58A147192B03E4E100A957B7 /* String+Utilities.swift */ = {isa = PBXFileReference; lastKnownFileType = sourcecode.swift; path = "String+Utilities.swift"; sourceTree = "<group>"; };
		58AA32B82B27B5FB003BC20D /* CardFilterSelectorView.swift */ = {isa = PBXFileReference; lastKnownFileType = sourcecode.swift; path = CardFilterSelectorView.swift; sourceTree = "<group>"; };
		58AA32BE2B27DB3D003BC20D /* CardTypesViewModel.swift */ = {isa = PBXFileReference; lastKnownFileType = sourcecode.swift; path = CardTypesViewModel.swift; sourceTree = "<group>"; };
		58AB9C5A2B0FF37F00A73696 /* LabeledContentStyle+Styles.swift */ = {isa = PBXFileReference; lastKnownFileType = sourcecode.swift; path = "LabeledContentStyle+Styles.swift"; sourceTree = "<group>"; };
		58AB9C5F2B1195EE00A73696 /* CardsSearchFormView.swift */ = {isa = PBXFileReference; lastKnownFileType = sourcecode.swift; path = CardsSearchFormView.swift; sourceTree = "<group>"; };
		58AB9C642B119AC700A73696 /* CardsSearch.swift */ = {isa = PBXFileReference; lastKnownFileType = sourcecode.swift; path = CardsSearch.swift; sourceTree = "<group>"; };
		58AB9C6C2B11BEE300A73696 /* FlexibleView.swift */ = {isa = PBXFileReference; lastKnownFileType = sourcecode.swift; path = FlexibleView.swift; sourceTree = "<group>"; };
		58AB9C6F2B11BF1A00A73696 /* _FlexibleView.swift */ = {isa = PBXFileReference; lastKnownFileType = sourcecode.swift; path = _FlexibleView.swift; sourceTree = "<group>"; };
		58AB9C762B11C0D500A73696 /* SizeReader.swift */ = {isa = PBXFileReference; fileEncoding = 4; lastKnownFileType = sourcecode.swift; path = SizeReader.swift; sourceTree = "<group>"; };
		58C3A6A42B2A7D2300DD716A /* RaritiesViewModel.swift */ = {isa = PBXFileReference; lastKnownFileType = sourcecode.swift; path = RaritiesViewModel.swift; sourceTree = "<group>"; };
		58ED3E972B0ABE45003A93DD /* CardsImageView.swift */ = {isa = PBXFileReference; lastKnownFileType = sourcecode.swift; path = CardsImageView.swift; sourceTree = "<group>"; };
		58ED3E992B0ABE54003A93DD /* CardsListView.swift */ = {isa = PBXFileReference; lastKnownFileType = sourcecode.swift; path = CardsListView.swift; sourceTree = "<group>"; };
		58ED3E9B2B0AC271003A93DD /* CardsView.swift */ = {isa = PBXFileReference; lastKnownFileType = sourcecode.swift; path = CardsView.swift; sourceTree = "<group>"; };
		58ED3E9D2B0C064C003A93DD /* EmptyResultView.swift */ = {isa = PBXFileReference; lastKnownFileType = sourcecode.swift; path = EmptyResultView.swift; sourceTree = "<group>"; };
		58EDF5392B687F5800B88D8D /* TestView.swift */ = {isa = PBXFileReference; lastKnownFileType = sourcecode.swift; path = TestView.swift; sourceTree = "<group>"; };
		58FD5A5D2B2ACBA50051F785 /* GamesViewModel.swift */ = {isa = PBXFileReference; lastKnownFileType = sourcecode.swift; path = GamesViewModel.swift; sourceTree = "<group>"; };
		58FD5A5F2B2ACC170051F785 /* KeywordsViewModel.swift */ = {isa = PBXFileReference; lastKnownFileType = sourcecode.swift; path = KeywordsViewModel.swift; sourceTree = "<group>"; };
		58FFCFB52B098A4A00813BC2 /* CardCarouselView.swift */ = {isa = PBXFileReference; lastKnownFileType = sourcecode.swift; path = CardCarouselView.swift; sourceTree = "<group>"; };
		8B41B7352812144D00AECF85 /* ManaGuideApp.swift */ = {isa = PBXFileReference; lastKnownFileType = sourcecode.swift; path = ManaGuideApp.swift; sourceTree = "<group>"; };
		8B41B7372812144E00AECF85 /* Assets.xcassets */ = {isa = PBXFileReference; lastKnownFileType = folder.assetcatalog; path = Assets.xcassets; sourceTree = "<group>"; };
		8B41B73C2812144E00AECF85 /* Mana Guide.app */ = {isa = PBXFileReference; explicitFileType = wrapper.application; includeInIndex = 0; path = "Mana Guide.app"; sourceTree = BUILT_PRODUCTS_DIR; };
		8B41B7422812144E00AECF85 /* ManaGuide.app */ = {isa = PBXFileReference; explicitFileType = wrapper.application; includeInIndex = 0; path = ManaGuide.app; sourceTree = BUILT_PRODUCTS_DIR; };
		8B41B7442812144E00AECF85 /* macOS.entitlements */ = {isa = PBXFileReference; lastKnownFileType = text.plist.entitlements; path = macOS.entitlements; sourceTree = "<group>"; };
		8B41B7492812144E00AECF85 /* Tests iOS.xctest */ = {isa = PBXFileReference; explicitFileType = wrapper.cfbundle; includeInIndex = 0; path = "Tests iOS.xctest"; sourceTree = BUILT_PRODUCTS_DIR; };
		8B41B74D2812144E00AECF85 /* Tests_iOS.swift */ = {isa = PBXFileReference; lastKnownFileType = sourcecode.swift; path = Tests_iOS.swift; sourceTree = "<group>"; };
		8B41B74F2812144E00AECF85 /* Tests_iOSLaunchTests.swift */ = {isa = PBXFileReference; lastKnownFileType = sourcecode.swift; path = Tests_iOSLaunchTests.swift; sourceTree = "<group>"; };
		8B41B7552812144F00AECF85 /* Tests macOS.xctest */ = {isa = PBXFileReference; explicitFileType = wrapper.cfbundle; includeInIndex = 0; path = "Tests macOS.xctest"; sourceTree = BUILT_PRODUCTS_DIR; };
		8B41B7592812144F00AECF85 /* Tests_macOS.swift */ = {isa = PBXFileReference; lastKnownFileType = sourcecode.swift; path = Tests_macOS.swift; sourceTree = "<group>"; };
		8B41B75B2812144F00AECF85 /* Tests_macOSLaunchTests.swift */ = {isa = PBXFileReference; lastKnownFileType = sourcecode.swift; path = Tests_macOSLaunchTests.swift; sourceTree = "<group>"; };
		8B41B782281257D300AECF85 /* ContentView.swift */ = {isa = PBXFileReference; fileEncoding = 4; lastKnownFileType = sourcecode.swift; path = ContentView.swift; sourceTree = "<group>"; };
		8B41B788281257F600AECF85 /* SetsViewModel.swift */ = {isa = PBXFileReference; fileEncoding = 4; lastKnownFileType = sourcecode.swift; path = SetsViewModel.swift; sourceTree = "<group>"; };
		8B41B789281257F600AECF85 /* SetsView.swift */ = {isa = PBXFileReference; fileEncoding = 4; lastKnownFileType = sourcecode.swift; path = SetsView.swift; sourceTree = "<group>"; };
		8B41B78A281257F600AECF85 /* SetRowView.swift */ = {isa = PBXFileReference; fileEncoding = 4; lastKnownFileType = sourcecode.swift; path = SetRowView.swift; sourceTree = "<group>"; };
		8B41B7962812585300AECF85 /* SearchNavigation.swift */ = {isa = PBXFileReference; fileEncoding = 4; lastKnownFileType = sourcecode.swift; path = SearchNavigation.swift; sourceTree = "<group>"; };
		8B41B7972812585300AECF85 /* View+Extras.swift */ = {isa = PBXFileReference; fileEncoding = 4; lastKnownFileType = sourcecode.swift; path = "View+Extras.swift"; sourceTree = "<group>"; };
		8B41B7982812585300AECF85 /* WebView.swift */ = {isa = PBXFileReference; fileEncoding = 4; lastKnownFileType = sourcecode.swift; path = WebView.swift; sourceTree = "<group>"; };
		8B41B79A2812585300AECF85 /* Constants.swift */ = {isa = PBXFileReference; fileEncoding = 4; lastKnownFileType = sourcecode.swift; path = Constants.swift; sourceTree = "<group>"; };
		8B41B7EA281263B000AECF85 /* README.md */ = {isa = PBXFileReference; fileEncoding = 4; lastKnownFileType = net.daringfireball.markdown; path = README.md; sourceTree = "<group>"; };
		8B41B82E281268A000AECF85 /* ManaGuide--iOS--Info.plist */ = {isa = PBXFileReference; lastKnownFileType = text.plist; path = "ManaGuide--iOS--Info.plist"; sourceTree = "<group>"; };
		8B41B83B28126ED600AECF85 /* NewsAPIManager.swift */ = {isa = PBXFileReference; fileEncoding = 4; lastKnownFileType = sourcecode.swift; path = NewsAPIManager.swift; sourceTree = "<group>"; };
		8B41B83C28126ED600AECF85 /* NewsView.swift */ = {isa = PBXFileReference; fileEncoding = 4; lastKnownFileType = sourcecode.swift; path = NewsView.swift; sourceTree = "<group>"; };
		8B41B83D28126ED600AECF85 /* NewsViewModel.swift */ = {isa = PBXFileReference; fileEncoding = 4; lastKnownFileType = sourcecode.swift; path = NewsViewModel.swift; sourceTree = "<group>"; };
		8B41B83E28126ED700AECF85 /* NewsMap.swift */ = {isa = PBXFileReference; fileEncoding = 4; lastKnownFileType = sourcecode.swift; path = NewsMap.swift; sourceTree = "<group>"; };
		8B41B84928126F9600AECF85 /* SearchPathsView.swift */ = {isa = PBXFileReference; fileEncoding = 4; lastKnownFileType = sourcecode.swift; path = SearchPathsView.swift; sourceTree = "<group>"; };
		8B41B84D28126FC900AECF85 /* BusyView.swift */ = {isa = PBXFileReference; fileEncoding = 4; lastKnownFileType = sourcecode.swift; path = BusyView.swift; sourceTree = "<group>"; };
		8B41B84E28126FC900AECF85 /* ErrorView.swift */ = {isa = PBXFileReference; fileEncoding = 4; lastKnownFileType = sourcecode.swift; path = ErrorView.swift; sourceTree = "<group>"; };
		8B68987E28724F8D003837F1 /* TextViewWrapper.swift */ = {isa = PBXFileReference; fileEncoding = 4; lastKnownFileType = sourcecode.swift; path = TextViewWrapper.swift; sourceTree = "<group>"; };
		8B6CAF6B284043DC0073E8FE /* SnapshotHelper.swift */ = {isa = PBXFileReference; fileEncoding = 4; lastKnownFileType = sourcecode.swift; path = SnapshotHelper.swift; sourceTree = "<group>"; };
		8B75CA35281310F000597662 /* GoogleService-Info.plist */ = {isa = PBXFileReference; fileEncoding = 4; lastKnownFileType = text.plist.xml; path = "GoogleService-Info.plist"; sourceTree = "<group>"; };
		8B75CA4A28162BDD00597662 /* TabNavigationView.swift */ = {isa = PBXFileReference; lastKnownFileType = sourcecode.swift; path = TabNavigationView.swift; sourceTree = "<group>"; };
		8B75CA4C28162C2E00597662 /* SideNavigationView.swift */ = {isa = PBXFileReference; lastKnownFileType = sourcecode.swift; path = SideNavigationView.swift; sourceTree = "<group>"; };
		8B75CA4F2816327F00597662 /* NewsFeedRowView.swift */ = {isa = PBXFileReference; lastKnownFileType = sourcecode.swift; path = NewsFeedRowView.swift; sourceTree = "<group>"; };
		8BAC9E43282F4036008848D8 /* Date+ElapsedTime.swift */ = {isa = PBXFileReference; lastKnownFileType = sourcecode.swift; path = "Date+ElapsedTime.swift"; sourceTree = "<group>"; };
		8BCE6003287000B700389713 /* SetView.swift */ = {isa = PBXFileReference; fileEncoding = 4; lastKnownFileType = sourcecode.swift; path = SetView.swift; sourceTree = "<group>"; };
		8BCE6004287000B700389713 /* SetViewModel.swift */ = {isa = PBXFileReference; fileEncoding = 4; lastKnownFileType = sourcecode.swift; path = SetViewModel.swift; sourceTree = "<group>"; };
		8BCE6009287000DE00389713 /* CardsViewModel.swift */ = {isa = PBXFileReference; fileEncoding = 4; lastKnownFileType = sourcecode.swift; path = CardsViewModel.swift; sourceTree = "<group>"; };
		8BCE600C2870029C00389713 /* ViewModel.swift */ = {isa = PBXFileReference; lastKnownFileType = sourcecode.swift; path = ViewModel.swift; sourceTree = "<group>"; };
		8BCE600F2870066500389713 /* CardsStoreViews.swift */ = {isa = PBXFileReference; fileEncoding = 4; lastKnownFileType = sourcecode.swift; path = CardsStoreViews.swift; sourceTree = "<group>"; };
		8BCE6012287006B900389713 /* CardsStoreView.swift */ = {isa = PBXFileReference; fileEncoding = 4; lastKnownFileType = sourcecode.swift; path = CardsStoreView.swift; sourceTree = "<group>"; };
		8BCE601828700C7000389713 /* CardViewModel.swift */ = {isa = PBXFileReference; fileEncoding = 4; lastKnownFileType = sourcecode.swift; path = CardViewModel.swift; sourceTree = "<group>"; };
		8BCE601B2870101B00389713 /* CardView.swift */ = {isa = PBXFileReference; fileEncoding = 4; lastKnownFileType = sourcecode.swift; path = CardView.swift; sourceTree = "<group>"; };
		8BCE601E2870108200389713 /* CardImageRowView.swift */ = {isa = PBXFileReference; fileEncoding = 4; lastKnownFileType = sourcecode.swift; path = CardImageRowView.swift; sourceTree = "<group>"; };
		8BCE6021287011D700389713 /* CardListRowView.swift */ = {isa = PBXFileReference; fileEncoding = 4; lastKnownFileType = sourcecode.swift; path = CardListRowView.swift; sourceTree = "<group>"; };
		8BCE6024287012C200389713 /* CardsStoreSeeAllView.swift */ = {isa = PBXFileReference; fileEncoding = 4; lastKnownFileType = sourcecode.swift; path = CardsStoreSeeAllView.swift; sourceTree = "<group>"; };
		8BCE602A28701B4800389713 /* CardsSearchViewModel.swift */ = {isa = PBXFileReference; fileEncoding = 4; lastKnownFileType = sourcecode.swift; path = CardsSearchViewModel.swift; sourceTree = "<group>"; };
/* End PBXFileReference section */

/* Begin PBXFrameworksBuildPhase section */
		8B41B7392812144E00AECF85 /* Frameworks */ = {
			isa = PBXFrameworksBuildPhase;
			buildActionMask = 2147483647;
			files = (
				8B75CA2428130B8900597662 /* Kanna in Frameworks */,
				8B3695502845296200D1F544 /* SwiftUIPager in Frameworks */,
				583684B82AF1FFF400DFE9EB /* SwiftUIIntrospect in Frameworks */,
				8B75CA2A28130C0600597662 /* FeedKit in Frameworks */,
				8B75CA542816EE6C00597662 /* SwiftUIX in Frameworks */,
				8B75CA3228130ECC00597662 /* FirebaseCrashlytics in Frameworks */,
				58452D282B68627E00612960 /* ManaKit in Frameworks */,
				8B75CA3428130ECC00597662 /* FirebaseDatabase in Frameworks */,
				8B75CA3028130ECC00597662 /* FirebaseAuth in Frameworks */,
				8B75CA2728130BD100597662 /* BetterSafariView in Frameworks */,
				8B34024F2824CAF200AC2705 /* ASCollectionView in Frameworks */,
				58F888622AFA8D7D00AE7031 /* ManaKit in Frameworks */,
				583684BF2AF200AE00DFE9EB /* ScalingHeaderScrollView in Frameworks */,
			);
			runOnlyForDeploymentPostprocessing = 0;
		};
		8B41B73F2812144E00AECF85 /* Frameworks */ = {
			isa = PBXFrameworksBuildPhase;
			buildActionMask = 2147483647;
			files = (
				8B75CA3E281311E000597662 /* Kanna in Frameworks */,
				8B75CA44281311E000597662 /* FirebaseAuth in Frameworks */,
				8B75CA46281311E000597662 /* FirebaseCrashlytics in Frameworks */,
				8B75CA48281311E000597662 /* FirebaseDatabase in Frameworks */,
				8B75CA40281311E000597662 /* FeedKit in Frameworks */,
			);
			runOnlyForDeploymentPostprocessing = 0;
		};
		8B41B7462812144E00AECF85 /* Frameworks */ = {
			isa = PBXFrameworksBuildPhase;
			buildActionMask = 2147483647;
			files = (
			);
			runOnlyForDeploymentPostprocessing = 0;
		};
		8B41B7522812144F00AECF85 /* Frameworks */ = {
			isa = PBXFrameworksBuildPhase;
			buildActionMask = 2147483647;
			files = (
			);
			runOnlyForDeploymentPostprocessing = 0;
		};
/* End PBXFrameworksBuildPhase section */

/* Begin PBXGroup section */
		586B09E82AFC139200325B3B /* Subviews */ = {
			isa = PBXGroup;
			children = (
				58FFCFB52B098A4A00813BC2 /* CardCarouselView.swift */,
				586B09D92AFC0CB700325B3B /* CardCommonInfoView.swift */,
				586B09E52AFC11E300325B3B /* CardExtraInfoView.swift */,
				8BCE601E2870108200389713 /* CardImageRowView.swift */,
				586B09D62AFC0C0E00325B3B /* CardOtherInfoView.swift */,
				586B09DC2AFC0FD200325B3B /* CardPricingInfoView.swift */,
			);
			path = Subviews;
			sourceTree = "<group>";
		};
		586B09E92AFC141800325B3B /* Utilities */ = {
			isa = PBXGroup;
			children = (
				586B09DF2AFC109200325B3B /* CardViewItemSource.swift */,
			);
			path = Utilities;
			sourceTree = "<group>";
		};
		58AA32BD2B27DACE003BC20D /* Models */ = {
			isa = PBXGroup;
			children = (
				8BCE600C2870029C00389713 /* ViewModel.swift */,
				58AA32BE2B27DB3D003BC20D /* CardTypesViewModel.swift */,
				58FD5A5D2B2ACBA50051F785 /* GamesViewModel.swift */,
				58FD5A5F2B2ACC170051F785 /* KeywordsViewModel.swift */,
				58C3A6A42B2A7D2300DD716A /* RaritiesViewModel.swift */,
			);
			path = Models;
			sourceTree = "<group>";
		};
		58AB9C752B11BF4800A73696 /* FlexibleView */ = {
			isa = PBXGroup;
			children = (
				58AB9C6F2B11BF1A00A73696 /* _FlexibleView.swift */,
				58AB9C6C2B11BEE300A73696 /* FlexibleView.swift */,
				58AB9C762B11C0D500A73696 /* SizeReader.swift */,
			);
			path = FlexibleView;
			sourceTree = "<group>";
		};
		58ED3E952B0ABC92003A93DD /* CardsSearch */ = {
			isa = PBXGroup;
			children = (
				58AA32B82B27B5FB003BC20D /* CardFilterSelectorView.swift */,
				58AB9C642B119AC700A73696 /* CardsSearch.swift */,
				58AB9C5F2B1195EE00A73696 /* CardsSearchFormView.swift */,
				580D25042B1284BA00D10942 /* CardsSearchResultsView.swift */,
				8BCE602A28701B4800389713 /* CardsSearchViewModel.swift */,
			);
			path = CardsSearch;
			sourceTree = "<group>";
		};
		58ED3E962B0ABCDF003A93DD /* Subviews */ = {
			isa = PBXGroup;
			children = (
				58ED3E972B0ABE45003A93DD /* CardsImageView.swift */,
				8BCE6021287011D700389713 /* CardListRowView.swift */,
				58ED3E992B0ABE54003A93DD /* CardsListView.swift */,
				586B09EA2AFC6E7900325B3B /* CardsMenuView.swift */,
			);
			path = Subviews;
			sourceTree = "<group>";
		};
		8B41B72F2812144D00AECF85 = {
			isa = PBXGroup;
			children = (
				8B41B82E281268A000AECF85 /* ManaGuide--iOS--Info.plist */,
				8B41B7EA281263B000AECF85 /* README.md */,
				8B41B7342812144D00AECF85 /* Shared */,
				8B41B7432812144E00AECF85 /* macOS */,
				8B41B74C2812144E00AECF85 /* Tests iOS */,
				8B41B7582812144F00AECF85 /* Tests macOS */,
				8B41B73D2812144E00AECF85 /* Products */,
				8B75CA38281311E000597662 /* Frameworks */,
			);
			sourceTree = "<group>";
		};
		8B41B7342812144D00AECF85 /* Shared */ = {
			isa = PBXGroup;
			children = (
				8B41B7372812144E00AECF85 /* Assets.xcassets */,
				8B41B7AB2812588500AECF85 /* Card */,
				8B41B7A52812588500AECF85 /* Cards */,
				58ED3E952B0ABC92003A93DD /* CardsSearch */,
				8B75CA552824BED100597662 /* CardsStore */,
				8B41B7952812585300AECF85 /* Common Views */,
				8B41B79A2812585300AECF85 /* Constants.swift */,
				8B41B84328126F3000AECF85 /* Experimental */,
				8BAC9E42282F4011008848D8 /* Extensions */,
				8B75CA35281310F000597662 /* GoogleService-Info.plist */,
				8B41B7352812144D00AECF85 /* ManaGuideApp.swift */,
				58AA32BD2B27DACE003BC20D /* Models */,
				8B75CA49281627B500597662 /* Navigation */,
				8B41B83A28126ED600AECF85 /* News */,
				8B41B7B72812588500AECF85 /* Set */,
				8B41B785281257F600AECF85 /* Sets */,
				8B41B84C28126FC900AECF85 /* Status */,
				58A147102B033A9E00A957B7 /* Launch Screen.storyboard */,
			);
			path = Shared;
			sourceTree = "<group>";
		};
		8B41B73D2812144E00AECF85 /* Products */ = {
			isa = PBXGroup;
			children = (
				8B41B73C2812144E00AECF85 /* Mana Guide.app */,
				8B41B7422812144E00AECF85 /* ManaGuide.app */,
				8B41B7492812144E00AECF85 /* Tests iOS.xctest */,
				8B41B7552812144F00AECF85 /* Tests macOS.xctest */,
			);
			name = Products;
			sourceTree = "<group>";
		};
		8B41B7432812144E00AECF85 /* macOS */ = {
			isa = PBXGroup;
			children = (
				8B41B7442812144E00AECF85 /* macOS.entitlements */,
			);
			path = macOS;
			sourceTree = "<group>";
		};
		8B41B74C2812144E00AECF85 /* Tests iOS */ = {
			isa = PBXGroup;
			children = (
				8B6CAF6B284043DC0073E8FE /* SnapshotHelper.swift */,
				8B41B74D2812144E00AECF85 /* Tests_iOS.swift */,
				8B41B74F2812144E00AECF85 /* Tests_iOSLaunchTests.swift */,
			);
			path = "Tests iOS";
			sourceTree = "<group>";
		};
		8B41B7582812144F00AECF85 /* Tests macOS */ = {
			isa = PBXGroup;
			children = (
				8B41B7592812144F00AECF85 /* Tests_macOS.swift */,
				8B41B75B2812144F00AECF85 /* Tests_macOSLaunchTests.swift */,
			);
			path = "Tests macOS";
			sourceTree = "<group>";
		};
		8B41B785281257F600AECF85 /* Sets */ = {
			isa = PBXGroup;
			children = (
				8B41B789281257F600AECF85 /* SetsView.swift */,
				8B41B788281257F600AECF85 /* SetsViewModel.swift */,
				58A147132B0345D800A957B7 /* SetsMenuView.swift */,
			);
			path = Sets;
			sourceTree = "<group>";
		};
		8B41B7952812585300AECF85 /* Common Views */ = {
			isa = PBXGroup;
			children = (
				58AB9C752B11BF4800A73696 /* FlexibleView */,
				8B41B7962812585300AECF85 /* SearchNavigation.swift */,
				8B68987E28724F8D003837F1 /* TextViewWrapper.swift */,
				8B41B7972812585300AECF85 /* View+Extras.swift */,
				8B41B7982812585300AECF85 /* WebView.swift */,
			);
			path = "Common Views";
			sourceTree = "<group>";
		};
		8B41B7A52812588500AECF85 /* Cards */ = {
			isa = PBXGroup;
			children = (
				58ED3E9B2B0AC271003A93DD /* CardsView.swift */,
				8BCE6009287000DE00389713 /* CardsViewModel.swift */,
				58ED3E962B0ABCDF003A93DD /* Subviews */,
			);
			path = Cards;
			sourceTree = "<group>";
		};
		8B41B7AB2812588500AECF85 /* Card */ = {
			isa = PBXGroup;
			children = (
				5858F41C2AF772C30067919E /* CardOtherPrintingsView.swift */,
				5858F41F2AF7758C0067919E /* CardOtherPrintingsViewModel.swift */,
				8BCE601B2870101B00389713 /* CardView.swift */,
				8BCE601828700C7000389713 /* CardViewModel.swift */,
				586B09E82AFC139200325B3B /* Subviews */,
				586B09E92AFC141800325B3B /* Utilities */,
			);
			path = Card;
			sourceTree = "<group>";
		};
		8B41B7B72812588500AECF85 /* Set */ = {
			isa = PBXGroup;
			children = (
				8BCE6003287000B700389713 /* SetView.swift */,
				8BCE6004287000B700389713 /* SetViewModel.swift */,
				8B41B78A281257F600AECF85 /* SetRowView.swift */,
				583684C02AF21C0600DFE9EB /* SetHeaderView.swift */,
			);
			path = Set;
			sourceTree = "<group>";
		};
		8B41B83A28126ED600AECF85 /* News */ = {
			isa = PBXGroup;
			children = (
				8B41B83B28126ED600AECF85 /* NewsAPIManager.swift */,
				8B41B83C28126ED600AECF85 /* NewsView.swift */,
				8B41B83D28126ED600AECF85 /* NewsViewModel.swift */,
				8B41B83E28126ED700AECF85 /* NewsMap.swift */,
				8B75CA4F2816327F00597662 /* NewsFeedRowView.swift */,
			);
			path = News;
			sourceTree = "<group>";
		};
		8B41B84328126F3000AECF85 /* Experimental */ = {
			isa = PBXGroup;
			children = (
				8B41B84928126F9600AECF85 /* SearchPathsView.swift */,
				5828109E2AF89F4D0000749C /* CacheAsyncImage.swift */,
				584A9A992B65E7FA0096479C /* SetsDisclosureStyyle.swift */,
				58EDF5392B687F5800B88D8D /* TestView.swift */,
			);
			path = Experimental;
			sourceTree = "<group>";
		};
		8B41B84C28126FC900AECF85 /* Status */ = {
			isa = PBXGroup;
			children = (
				8B41B84D28126FC900AECF85 /* BusyView.swift */,
				58ED3E9D2B0C064C003A93DD /* EmptyResultView.swift */,
				8B41B84E28126FC900AECF85 /* ErrorView.swift */,
			);
			path = Status;
			sourceTree = "<group>";
		};
		8B75CA38281311E000597662 /* Frameworks */ = {
			isa = PBXGroup;
			children = (
			);
			name = Frameworks;
			sourceTree = "<group>";
		};
		8B75CA49281627B500597662 /* Navigation */ = {
			isa = PBXGroup;
			children = (
				8B41B782281257D300AECF85 /* ContentView.swift */,
				8B75CA4A28162BDD00597662 /* TabNavigationView.swift */,
				8B75CA4C28162C2E00597662 /* SideNavigationView.swift */,
			);
			path = Navigation;
			sourceTree = "<group>";
		};
		8B75CA552824BED100597662 /* CardsStore */ = {
			isa = PBXGroup;
			children = (
				8BCE6024287012C200389713 /* CardsStoreSeeAllView.swift */,
				8BCE6012287006B900389713 /* CardsStoreView.swift */,
				8BCE600F2870066500389713 /* CardsStoreViews.swift */,
			);
			path = CardsStore;
			sourceTree = "<group>";
		};
		8BAC9E42282F4011008848D8 /* Extensions */ = {
			isa = PBXGroup;
			children = (
				8BAC9E43282F4036008848D8 /* Date+ElapsedTime.swift */,
				58AB9C5A2B0FF37F00A73696 /* LabeledContentStyle+Styles.swift */,
				58A147162B0348DC00A957B7 /* Notifications+Names.swift */,
				58A147192B03E4E100A957B7 /* String+Utilities.swift */,
			);
			path = Extensions;
			sourceTree = "<group>";
		};
/* End PBXGroup section */

/* Begin PBXNativeTarget section */
		8B41B73B2812144E00AECF85 /* ManaGuide (iOS) */ = {
			isa = PBXNativeTarget;
			buildConfigurationList = 8B41B7652812144F00AECF85 /* Build configuration list for PBXNativeTarget "ManaGuide (iOS)" */;
			buildPhases = (
				8B41B7382812144E00AECF85 /* Sources */,
				8B41B7392812144E00AECF85 /* Frameworks */,
				8B41B73A2812144E00AECF85 /* Resources */,
				586B09D52AFB3DFE00325B3B /* Embed Frameworks */,
			);
			buildRules = (
			);
			dependencies = (
			);
			name = "ManaGuide (iOS)";
			packageProductDependencies = (
				8B75CA2328130B8900597662 /* Kanna */,
				8B75CA2628130BD100597662 /* BetterSafariView */,
				8B75CA2928130C0600597662 /* FeedKit */,
				8B75CA2F28130ECC00597662 /* FirebaseAuth */,
				8B75CA3128130ECC00597662 /* FirebaseCrashlytics */,
				8B75CA3328130ECC00597662 /* FirebaseDatabase */,
				8B75CA532816EE6C00597662 /* SwiftUIX */,
				8B34024E2824CAF200AC2705 /* ASCollectionView */,
				8B36954F2845296200D1F544 /* SwiftUIPager */,
				583684B72AF1FFF400DFE9EB /* SwiftUIIntrospect */,
				583684BE2AF200AE00DFE9EB /* ScalingHeaderScrollView */,
				58F888612AFA8D7D00AE7031 /* ManaKit */,
				58452D272B68627E00612960 /* ManaKit */,
			);
			productName = "ManaGuide (iOS)";
			productReference = 8B41B73C2812144E00AECF85 /* Mana Guide.app */;
			productType = "com.apple.product-type.application";
		};
		8B41B7412812144E00AECF85 /* ManaGuide (macOS) */ = {
			isa = PBXNativeTarget;
			buildConfigurationList = 8B41B7682812144F00AECF85 /* Build configuration list for PBXNativeTarget "ManaGuide (macOS)" */;
			buildPhases = (
				8B41B73E2812144E00AECF85 /* Sources */,
				8B41B73F2812144E00AECF85 /* Frameworks */,
				8B41B7402812144E00AECF85 /* Resources */,
			);
			buildRules = (
			);
			dependencies = (
			);
			name = "ManaGuide (macOS)";
			packageProductDependencies = (
				8B75CA3D281311E000597662 /* Kanna */,
				8B75CA3F281311E000597662 /* FeedKit */,
				8B75CA43281311E000597662 /* FirebaseAuth */,
				8B75CA45281311E000597662 /* FirebaseCrashlytics */,
				8B75CA47281311E000597662 /* FirebaseDatabase */,
			);
			productName = "ManaGuide (macOS)";
			productReference = 8B41B7422812144E00AECF85 /* ManaGuide.app */;
			productType = "com.apple.product-type.application";
		};
		8B41B7482812144E00AECF85 /* Tests iOS */ = {
			isa = PBXNativeTarget;
			buildConfigurationList = 8B41B76B2812144F00AECF85 /* Build configuration list for PBXNativeTarget "Tests iOS" */;
			buildPhases = (
				8B41B7452812144E00AECF85 /* Sources */,
				8B41B7462812144E00AECF85 /* Frameworks */,
				8B41B7472812144E00AECF85 /* Resources */,
			);
			buildRules = (
			);
			dependencies = (
				8B41B74B2812144E00AECF85 /* PBXTargetDependency */,
			);
			name = "Tests iOS";
			productName = "Tests iOS";
			productReference = 8B41B7492812144E00AECF85 /* Tests iOS.xctest */;
			productType = "com.apple.product-type.bundle.ui-testing";
		};
		8B41B7542812144F00AECF85 /* Tests macOS */ = {
			isa = PBXNativeTarget;
			buildConfigurationList = 8B41B76E2812144F00AECF85 /* Build configuration list for PBXNativeTarget "Tests macOS" */;
			buildPhases = (
				8B41B7512812144F00AECF85 /* Sources */,
				8B41B7522812144F00AECF85 /* Frameworks */,
				8B41B7532812144F00AECF85 /* Resources */,
			);
			buildRules = (
			);
			dependencies = (
				8B41B7572812144F00AECF85 /* PBXTargetDependency */,
			);
			name = "Tests macOS";
			productName = "Tests macOS";
			productReference = 8B41B7552812144F00AECF85 /* Tests macOS.xctest */;
			productType = "com.apple.product-type.bundle.ui-testing";
		};
/* End PBXNativeTarget section */

/* Begin PBXProject section */
		8B41B7302812144D00AECF85 /* Project object */ = {
			isa = PBXProject;
			attributes = {
				BuildIndependentTargetsInParallel = 1;
				LastSwiftUpdateCheck = 1330;
				LastUpgradeCheck = 1500;
				TargetAttributes = {
					8B41B73B2812144E00AECF85 = {
						CreatedOnToolsVersion = 13.3;
					};
					8B41B7412812144E00AECF85 = {
						CreatedOnToolsVersion = 13.3;
					};
					8B41B7482812144E00AECF85 = {
						CreatedOnToolsVersion = 13.3;
						TestTargetID = 8B41B73B2812144E00AECF85;
					};
					8B41B7542812144F00AECF85 = {
						CreatedOnToolsVersion = 13.3;
						TestTargetID = 8B41B7412812144E00AECF85;
					};
				};
			};
			buildConfigurationList = 8B41B7332812144D00AECF85 /* Build configuration list for PBXProject "ManaGuide" */;
			compatibilityVersion = "Xcode 13.0";
			developmentRegion = en;
			hasScannedForEncodings = 0;
			knownRegions = (
				en,
				Base,
			);
			mainGroup = 8B41B72F2812144D00AECF85;
			packageReferences = (
				8B75CA2228130B8900597662 /* XCRemoteSwiftPackageReference "Kanna" */,
				8B75CA2528130BD100597662 /* XCRemoteSwiftPackageReference "BetterSafariView" */,
				8B75CA2828130C0600597662 /* XCRemoteSwiftPackageReference "FeedKit" */,
				8B75CA2E28130ECC00597662 /* XCRemoteSwiftPackageReference "firebase-ios-sdk" */,
				8B75CA522816EE6C00597662 /* XCRemoteSwiftPackageReference "SwiftUIX" */,
				8B75CA562824BF3E00597662 /* XCRemoteSwiftPackageReference "ASCollectionView" */,
				8B36954E2845296100D1F544 /* XCRemoteSwiftPackageReference "SwiftUIPager" */,
				583684B62AF1FFF400DFE9EB /* XCRemoteSwiftPackageReference "swiftui-introspect" */,
				583684BD2AF200AE00DFE9EB /* XCRemoteSwiftPackageReference "ScalingHeaderScrollView" */,
				58452D262B68627E00612960 /* XCRemoteSwiftPackageReference "ManaKit" */,
			);
			productRefGroup = 8B41B73D2812144E00AECF85 /* Products */;
			projectDirPath = "";
			projectRoot = "";
			targets = (
				8B41B73B2812144E00AECF85 /* ManaGuide (iOS) */,
				8B41B7412812144E00AECF85 /* ManaGuide (macOS) */,
				8B41B7482812144E00AECF85 /* Tests iOS */,
				8B41B7542812144F00AECF85 /* Tests macOS */,
			);
		};
/* End PBXProject section */

/* Begin PBXResourcesBuildPhase section */
		8B41B73A2812144E00AECF85 /* Resources */ = {
			isa = PBXResourcesBuildPhase;
			buildActionMask = 2147483647;
			files = (
				8B41B7EB281263B000AECF85 /* README.md in Resources */,
				8B41B7612812144F00AECF85 /* Assets.xcassets in Resources */,
				58A147112B033A9E00A957B7 /* Launch Screen.storyboard in Resources */,
				8B75CA36281310F000597662 /* GoogleService-Info.plist in Resources */,
			);
			runOnlyForDeploymentPostprocessing = 0;
		};
		8B41B7402812144E00AECF85 /* Resources */ = {
			isa = PBXResourcesBuildPhase;
			buildActionMask = 2147483647;
			files = (
				58A147122B033A9E00A957B7 /* Launch Screen.storyboard in Resources */,
				8B41B7622812144F00AECF85 /* Assets.xcassets in Resources */,
				8B75CA37281310F000597662 /* GoogleService-Info.plist in Resources */,
			);
			runOnlyForDeploymentPostprocessing = 0;
		};
		8B41B7472812144E00AECF85 /* Resources */ = {
			isa = PBXResourcesBuildPhase;
			buildActionMask = 2147483647;
			files = (
			);
			runOnlyForDeploymentPostprocessing = 0;
		};
		8B41B7532812144F00AECF85 /* Resources */ = {
			isa = PBXResourcesBuildPhase;
			buildActionMask = 2147483647;
			files = (
			);
			runOnlyForDeploymentPostprocessing = 0;
		};
/* End PBXResourcesBuildPhase section */

/* Begin PBXSourcesBuildPhase section */
		8B41B7382812144E00AECF85 /* Sources */ = {
			isa = PBXSourcesBuildPhase;
			buildActionMask = 2147483647;
			files = (
				8B41B83F28126ED700AECF85 /* NewsAPIManager.swift in Sources */,
				8B41B7A32812585300AECF85 /* Constants.swift in Sources */,
				58AA32B92B27B5FB003BC20D /* CardFilterSelectorView.swift in Sources */,
				8B41B85028126FC900AECF85 /* ErrorView.swift in Sources */,
				5858F41D2AF772C30067919E /* CardOtherPrintingsView.swift in Sources */,
				8B41B84F28126FC900AECF85 /* BusyView.swift in Sources */,
				58A147172B0348DC00A957B7 /* Notifications+Names.swift in Sources */,
				8B41B79D2812585300AECF85 /* View+Extras.swift in Sources */,
				58AA32BF2B27DB3D003BC20D /* CardTypesViewModel.swift in Sources */,
				58A147142B0345D800A957B7 /* SetsMenuView.swift in Sources */,
				8BCE600D2870029C00389713 /* ViewModel.swift in Sources */,
				58EDF53A2B687F5800B88D8D /* TestView.swift in Sources */,
				8B41B84128126ED700AECF85 /* NewsViewModel.swift in Sources */,
				8B41B793281257F600AECF85 /* SetRowView.swift in Sources */,
				8BCE601F2870108200389713 /* CardImageRowView.swift in Sources */,
				8BCE600A287000DE00389713 /* CardsViewModel.swift in Sources */,
				8B68987F28724F8D003837F1 /* TextViewWrapper.swift in Sources */,
				8B41B783281257D300AECF85 /* ContentView.swift in Sources */,
				58AB9C652B119AC700A73696 /* CardsSearch.swift in Sources */,
				8B75CA502816327F00597662 /* NewsFeedRowView.swift in Sources */,
				8B75CA4D28162C2E00597662 /* SideNavigationView.swift in Sources */,
				58AB9C6D2B11BEE300A73696 /* FlexibleView.swift in Sources */,
				580D25052B1284BA00D10942 /* CardsSearchResultsView.swift in Sources */,
				8BAC9E44282F4036008848D8 /* Date+ElapsedTime.swift in Sources */,
				586B09DD2AFC0FD200325B3B /* CardPricingInfoView.swift in Sources */,
				586B09E02AFC109200325B3B /* CardViewItemSource.swift in Sources */,
				58ED3E9C2B0AC271003A93DD /* CardsView.swift in Sources */,
				58FD5A5E2B2ACBA50051F785 /* GamesViewModel.swift in Sources */,
				8B41B791281257F600AECF85 /* SetsView.swift in Sources */,
				8BCE6022287011D700389713 /* CardListRowView.swift in Sources */,
				8BCE6005287000B700389713 /* SetView.swift in Sources */,
				58ED3E9A2B0ABE54003A93DD /* CardsListView.swift in Sources */,
				8B41B75D2812144F00AECF85 /* ManaGuideApp.swift in Sources */,
				58ED3E982B0ABE45003A93DD /* CardsImageView.swift in Sources */,
				8B75CA4B28162BDD00597662 /* TabNavigationView.swift in Sources */,
				8BCE601928700C7000389713 /* CardViewModel.swift in Sources */,
				586B09EB2AFC6E7900325B3B /* CardsMenuView.swift in Sources */,
				58AB9C772B11C0D500A73696 /* SizeReader.swift in Sources */,
				8B41B79F2812585300AECF85 /* WebView.swift in Sources */,
				583684C12AF21C0600DFE9EB /* SetHeaderView.swift in Sources */,
				8BCE602B28701B4800389713 /* CardsSearchViewModel.swift in Sources */,
				58A1471A2B03E4E100A957B7 /* String+Utilities.swift in Sources */,
				8BCE60102870066500389713 /* CardsStoreViews.swift in Sources */,
				586B09D72AFC0C0E00325B3B /* CardOtherInfoView.swift in Sources */,
				8B41B84228126ED700AECF85 /* NewsMap.swift in Sources */,
				8B41B78F281257F600AECF85 /* SetsViewModel.swift in Sources */,
				5828109F2AF89F4D0000749C /* CacheAsyncImage.swift in Sources */,
				58FD5A602B2ACC170051F785 /* KeywordsViewModel.swift in Sources */,
				58AB9C602B1195EE00A73696 /* CardsSearchFormView.swift in Sources */,
				8B41B84028126ED700AECF85 /* NewsView.swift in Sources */,
				586B09E62AFC11E300325B3B /* CardExtraInfoView.swift in Sources */,
				58FFCFB62B098A4A00813BC2 /* CardCarouselView.swift in Sources */,
				58ED3E9E2B0C064C003A93DD /* EmptyResultView.swift in Sources */,
				5858F4202AF7758C0067919E /* CardOtherPrintingsViewModel.swift in Sources */,
				8BCE6007287000B700389713 /* SetViewModel.swift in Sources */,
				8B41B84B28126F9600AECF85 /* SearchPathsView.swift in Sources */,
				8BCE6025287012C200389713 /* CardsStoreSeeAllView.swift in Sources */,
				8BCE6013287006B900389713 /* CardsStoreView.swift in Sources */,
				58AB9C702B11BF1A00A73696 /* _FlexibleView.swift in Sources */,
				586B09DA2AFC0CB700325B3B /* CardCommonInfoView.swift in Sources */,
				584A9A9A2B65E7FA0096479C /* SetsDisclosureStyyle.swift in Sources */,
				58C3A6A52B2A7D2300DD716A /* RaritiesViewModel.swift in Sources */,
				8BCE601C2870101B00389713 /* CardView.swift in Sources */,
				58AB9C5B2B0FF37F00A73696 /* LabeledContentStyle+Styles.swift in Sources */,
				8B41B79B2812585300AECF85 /* SearchNavigation.swift in Sources */,
			);
			runOnlyForDeploymentPostprocessing = 0;
		};
		8B41B73E2812144E00AECF85 /* Sources */ = {
			isa = PBXSourcesBuildPhase;
			buildActionMask = 2147483647;
			files = (
				8BCE6008287000B700389713 /* SetViewModel.swift in Sources */,
				586B09DE2AFC0FD200325B3B /* CardPricingInfoView.swift in Sources */,
				58AB9C712B11BF1A00A73696 /* _FlexibleView.swift in Sources */,
				8B75CA512816327F00597662 /* NewsFeedRowView.swift in Sources */,
				58AB9C662B119AC700A73696 /* CardsSearch.swift in Sources */,
				586B09E12AFC109200325B3B /* CardViewItemSource.swift in Sources */,
				8B41B7A42812585300AECF85 /* Constants.swift in Sources */,
				8B41B79E2812585300AECF85 /* View+Extras.swift in Sources */,
				582810A02AF89F4D0000749C /* CacheAsyncImage.swift in Sources */,
				8BCE601A28700C7000389713 /* CardViewModel.swift in Sources */,
				8B41B794281257F600AECF85 /* SetRowView.swift in Sources */,
				586B09E72AFC11E300325B3B /* CardExtraInfoView.swift in Sources */,
				8B41B784281257D300AECF85 /* ContentView.swift in Sources */,
				58ED3E9F2B0C064C003A93DD /* EmptyResultView.swift in Sources */,
				8BCE60202870108200389713 /* CardImageRowView.swift in Sources */,
				8BCE6026287012C200389713 /* CardsStoreSeeAllView.swift in Sources */,
				8BCE601D2870101B00389713 /* CardView.swift in Sources */,
				580D25062B1284BA00D10942 /* CardsSearchResultsView.swift in Sources */,
				58A147182B0348DC00A957B7 /* Notifications+Names.swift in Sources */,
				5858F4212AF7758C0067919E /* CardOtherPrintingsViewModel.swift in Sources */,
				8BCE600E2870029C00389713 /* ViewModel.swift in Sources */,
				58AB9C6E2B11BEE300A73696 /* FlexibleView.swift in Sources */,
				583684C22AF21C0600DFE9EB /* SetHeaderView.swift in Sources */,
				586B09DB2AFC0CB700325B3B /* CardCommonInfoView.swift in Sources */,
				586B09D82AFC0C0E00325B3B /* CardOtherInfoView.swift in Sources */,
				58AB9C612B1195EE00A73696 /* CardsSearchFormView.swift in Sources */,
				8B41B792281257F600AECF85 /* SetsView.swift in Sources */,
				8BCE60112870066500389713 /* CardsStoreViews.swift in Sources */,
				8BCE600B287000DE00389713 /* CardsViewModel.swift in Sources */,
				8B41B75E2812144F00AECF85 /* ManaGuideApp.swift in Sources */,
				58A147152B0345D800A957B7 /* SetsMenuView.swift in Sources */,
				8B41B7A02812585300AECF85 /* WebView.swift in Sources */,
				8BCE6006287000B700389713 /* SetView.swift in Sources */,
				8BCE602C28701B4800389713 /* CardsSearchViewModel.swift in Sources */,
				58A1471B2B03E4E100A957B7 /* String+Utilities.swift in Sources */,
				8B41B790281257F600AECF85 /* SetsViewModel.swift in Sources */,
				5858F41E2AF772C30067919E /* CardOtherPrintingsView.swift in Sources */,
				58AB9C782B11C0D500A73696 /* SizeReader.swift in Sources */,
				8B41B79C2812585300AECF85 /* SearchNavigation.swift in Sources */,
				58FFCFB72B098A4A00813BC2 /* CardCarouselView.swift in Sources */,
				8BCE6014287006B900389713 /* CardsStoreView.swift in Sources */,
				8B68988028724F8D003837F1 /* TextViewWrapper.swift in Sources */,
				58AB9C5C2B0FF37F00A73696 /* LabeledContentStyle+Styles.swift in Sources */,
				8B75CA4E28162C2E00597662 /* SideNavigationView.swift in Sources */,
			);
			runOnlyForDeploymentPostprocessing = 0;
		};
		8B41B7452812144E00AECF85 /* Sources */ = {
			isa = PBXSourcesBuildPhase;
			buildActionMask = 2147483647;
			files = (
				58A1471C2B03E4E100A957B7 /* String+Utilities.swift in Sources */,
				8B41B7502812144E00AECF85 /* Tests_iOSLaunchTests.swift in Sources */,
				8B41B74E2812144E00AECF85 /* Tests_iOS.swift in Sources */,
				58AB9C672B119AC700A73696 /* CardsSearch.swift in Sources */,
				58AB9C5D2B0FF37F00A73696 /* LabeledContentStyle+Styles.swift in Sources */,
				8B6CAF6C284043DC0073E8FE /* SnapshotHelper.swift in Sources */,
			);
			runOnlyForDeploymentPostprocessing = 0;
		};
		8B41B7512812144F00AECF85 /* Sources */ = {
			isa = PBXSourcesBuildPhase;
			buildActionMask = 2147483647;
			files = (
				8B41B75C2812144F00AECF85 /* Tests_macOSLaunchTests.swift in Sources */,
				58ED3EA12B0C064C003A93DD /* EmptyResultView.swift in Sources */,
				8B41B75A2812144F00AECF85 /* Tests_macOS.swift in Sources */,
				58AB9C682B119AC700A73696 /* CardsSearch.swift in Sources */,
				58AB9C5E2B0FF37F00A73696 /* LabeledContentStyle+Styles.swift in Sources */,
				58AB9C632B1195EE00A73696 /* CardsSearchFormView.swift in Sources */,
				58A1471D2B03E4E100A957B7 /* String+Utilities.swift in Sources */,
			);
			runOnlyForDeploymentPostprocessing = 0;
		};
/* End PBXSourcesBuildPhase section */

/* Begin PBXTargetDependency section */
		8B41B74B2812144E00AECF85 /* PBXTargetDependency */ = {
			isa = PBXTargetDependency;
			target = 8B41B73B2812144E00AECF85 /* ManaGuide (iOS) */;
			targetProxy = 8B41B74A2812144E00AECF85 /* PBXContainerItemProxy */;
		};
		8B41B7572812144F00AECF85 /* PBXTargetDependency */ = {
			isa = PBXTargetDependency;
			target = 8B41B7412812144E00AECF85 /* ManaGuide (macOS) */;
			targetProxy = 8B41B7562812144F00AECF85 /* PBXContainerItemProxy */;
		};
/* End PBXTargetDependency section */

/* Begin XCBuildConfiguration section */
		8B41B7632812144F00AECF85 /* Debug */ = {
			isa = XCBuildConfiguration;
			buildSettings = {
				ALWAYS_SEARCH_USER_PATHS = NO;
				ASSETCATALOG_COMPILER_GENERATE_SWIFT_ASSET_SYMBOL_EXTENSIONS = YES;
				CLANG_ANALYZER_NONNULL = YES;
				CLANG_ANALYZER_NUMBER_OBJECT_CONVERSION = YES_AGGRESSIVE;
				CLANG_CXX_LANGUAGE_STANDARD = "gnu++17";
				CLANG_ENABLE_MODULES = YES;
				CLANG_ENABLE_OBJC_ARC = YES;
				CLANG_ENABLE_OBJC_WEAK = YES;
				CLANG_WARN_BLOCK_CAPTURE_AUTORELEASING = YES;
				CLANG_WARN_BOOL_CONVERSION = YES;
				CLANG_WARN_COMMA = YES;
				CLANG_WARN_CONSTANT_CONVERSION = YES;
				CLANG_WARN_DEPRECATED_OBJC_IMPLEMENTATIONS = YES;
				CLANG_WARN_DIRECT_OBJC_ISA_USAGE = YES_ERROR;
				CLANG_WARN_DOCUMENTATION_COMMENTS = YES;
				CLANG_WARN_EMPTY_BODY = YES;
				CLANG_WARN_ENUM_CONVERSION = YES;
				CLANG_WARN_INFINITE_RECURSION = YES;
				CLANG_WARN_INT_CONVERSION = YES;
				CLANG_WARN_NON_LITERAL_NULL_CONVERSION = YES;
				CLANG_WARN_OBJC_IMPLICIT_RETAIN_SELF = YES;
				CLANG_WARN_OBJC_LITERAL_CONVERSION = YES;
				CLANG_WARN_OBJC_ROOT_CLASS = YES_ERROR;
				CLANG_WARN_QUOTED_INCLUDE_IN_FRAMEWORK_HEADER = YES;
				CLANG_WARN_RANGE_LOOP_ANALYSIS = YES;
				CLANG_WARN_STRICT_PROTOTYPES = YES;
				CLANG_WARN_SUSPICIOUS_MOVE = YES;
				CLANG_WARN_UNGUARDED_AVAILABILITY = YES_AGGRESSIVE;
				CLANG_WARN_UNREACHABLE_CODE = YES;
				CLANG_WARN__DUPLICATE_METHOD_MATCH = YES;
				COPY_PHASE_STRIP = NO;
				DEAD_CODE_STRIPPING = YES;
				DEBUG_INFORMATION_FORMAT = dwarf;
				ENABLE_STRICT_OBJC_MSGSEND = YES;
				ENABLE_TESTABILITY = YES;
				ENABLE_USER_SCRIPT_SANDBOXING = YES;
				GCC_C_LANGUAGE_STANDARD = gnu11;
				GCC_DYNAMIC_NO_PIC = NO;
				GCC_NO_COMMON_BLOCKS = YES;
				GCC_OPTIMIZATION_LEVEL = 0;
				GCC_PREPROCESSOR_DEFINITIONS = (
					"DEBUG=1",
					"$(inherited)",
				);
				GCC_WARN_64_TO_32_BIT_CONVERSION = YES;
				GCC_WARN_ABOUT_RETURN_TYPE = YES_ERROR;
				GCC_WARN_UNDECLARED_SELECTOR = YES;
				GCC_WARN_UNINITIALIZED_AUTOS = YES_AGGRESSIVE;
				GCC_WARN_UNUSED_FUNCTION = YES;
				GCC_WARN_UNUSED_VARIABLE = YES;
				MTL_ENABLE_DEBUG_INFO = INCLUDE_SOURCE;
				MTL_FAST_MATH = YES;
				ONLY_ACTIVE_ARCH = YES;
				SWIFT_ACTIVE_COMPILATION_CONDITIONS = DEBUG;
				SWIFT_OPTIMIZATION_LEVEL = "-Onone";
			};
			name = Debug;
		};
		8B41B7642812144F00AECF85 /* Release */ = {
			isa = XCBuildConfiguration;
			buildSettings = {
				ALWAYS_SEARCH_USER_PATHS = NO;
				ASSETCATALOG_COMPILER_GENERATE_SWIFT_ASSET_SYMBOL_EXTENSIONS = YES;
				CLANG_ANALYZER_NONNULL = YES;
				CLANG_ANALYZER_NUMBER_OBJECT_CONVERSION = YES_AGGRESSIVE;
				CLANG_CXX_LANGUAGE_STANDARD = "gnu++17";
				CLANG_ENABLE_MODULES = YES;
				CLANG_ENABLE_OBJC_ARC = YES;
				CLANG_ENABLE_OBJC_WEAK = YES;
				CLANG_WARN_BLOCK_CAPTURE_AUTORELEASING = YES;
				CLANG_WARN_BOOL_CONVERSION = YES;
				CLANG_WARN_COMMA = YES;
				CLANG_WARN_CONSTANT_CONVERSION = YES;
				CLANG_WARN_DEPRECATED_OBJC_IMPLEMENTATIONS = YES;
				CLANG_WARN_DIRECT_OBJC_ISA_USAGE = YES_ERROR;
				CLANG_WARN_DOCUMENTATION_COMMENTS = YES;
				CLANG_WARN_EMPTY_BODY = YES;
				CLANG_WARN_ENUM_CONVERSION = YES;
				CLANG_WARN_INFINITE_RECURSION = YES;
				CLANG_WARN_INT_CONVERSION = YES;
				CLANG_WARN_NON_LITERAL_NULL_CONVERSION = YES;
				CLANG_WARN_OBJC_IMPLICIT_RETAIN_SELF = YES;
				CLANG_WARN_OBJC_LITERAL_CONVERSION = YES;
				CLANG_WARN_OBJC_ROOT_CLASS = YES_ERROR;
				CLANG_WARN_QUOTED_INCLUDE_IN_FRAMEWORK_HEADER = YES;
				CLANG_WARN_RANGE_LOOP_ANALYSIS = YES;
				CLANG_WARN_STRICT_PROTOTYPES = YES;
				CLANG_WARN_SUSPICIOUS_MOVE = YES;
				CLANG_WARN_UNGUARDED_AVAILABILITY = YES_AGGRESSIVE;
				CLANG_WARN_UNREACHABLE_CODE = YES;
				CLANG_WARN__DUPLICATE_METHOD_MATCH = YES;
				COPY_PHASE_STRIP = NO;
				DEAD_CODE_STRIPPING = YES;
				DEBUG_INFORMATION_FORMAT = "dwarf-with-dsym";
				ENABLE_NS_ASSERTIONS = NO;
				ENABLE_STRICT_OBJC_MSGSEND = YES;
				ENABLE_USER_SCRIPT_SANDBOXING = YES;
				GCC_C_LANGUAGE_STANDARD = gnu11;
				GCC_NO_COMMON_BLOCKS = YES;
				GCC_WARN_64_TO_32_BIT_CONVERSION = YES;
				GCC_WARN_ABOUT_RETURN_TYPE = YES_ERROR;
				GCC_WARN_UNDECLARED_SELECTOR = YES;
				GCC_WARN_UNINITIALIZED_AUTOS = YES_AGGRESSIVE;
				GCC_WARN_UNUSED_FUNCTION = YES;
				GCC_WARN_UNUSED_VARIABLE = YES;
				MTL_ENABLE_DEBUG_INFO = NO;
				MTL_FAST_MATH = YES;
				SWIFT_COMPILATION_MODE = wholemodule;
				SWIFT_OPTIMIZATION_LEVEL = "-O";
			};
			name = Release;
		};
		8B41B7662812144F00AECF85 /* Debug */ = {
			isa = XCBuildConfiguration;
			buildSettings = {
				ASSETCATALOG_COMPILER_APPICON_NAME = AppIcon;
				ASSETCATALOG_COMPILER_GLOBAL_ACCENT_COLOR_NAME = AccentColor;
				CODE_SIGN_IDENTITY = "Apple Development";
				CODE_SIGN_STYLE = Automatic;
				CURRENT_PROJECT_VERSION = 310;
				DEVELOPMENT_TEAM = 43CD66539H;
				ENABLE_PREVIEWS = YES;
				GENERATE_INFOPLIST_FILE = YES;
				INFOPLIST_FILE = "ManaGuide--iOS--Info.plist";
				INFOPLIST_KEY_UIApplicationSceneManifest_Generation = YES;
				INFOPLIST_KEY_UIApplicationSupportsIndirectInputEvents = YES;
				INFOPLIST_KEY_UILaunchScreen_Generation = YES;
				INFOPLIST_KEY_UILaunchStoryboardName = "Launch Screen.storyboard";
				INFOPLIST_KEY_UISupportedInterfaceOrientations_iPad = "UIInterfaceOrientationPortrait UIInterfaceOrientationPortraitUpsideDown UIInterfaceOrientationLandscapeLeft UIInterfaceOrientationLandscapeRight";
				INFOPLIST_KEY_UISupportedInterfaceOrientations_iPhone = "UIInterfaceOrientationPortrait UIInterfaceOrientationLandscapeLeft UIInterfaceOrientationLandscapeRight";
				IPHONEOS_DEPLOYMENT_TARGET = 16.4;
				LD_RUNPATH_SEARCH_PATHS = (
					"$(inherited)",
					"@executable_path/Frameworks",
				);
				MARKETING_VERSION = 3.1.0;
				PRODUCT_BUNDLE_IDENTIFIER = com.jovitoroyeca.ManaGuide;
				PRODUCT_NAME = "Mana Guide";
				PROVISIONING_PROFILE_SPECIFIER = "";
				SDKROOT = iphoneos;
				SWIFT_EMIT_LOC_STRINGS = YES;
				SWIFT_VERSION = 5.0;
				TARGETED_DEVICE_FAMILY = "1,2";
			};
			name = Debug;
		};
		8B41B7672812144F00AECF85 /* Release */ = {
			isa = XCBuildConfiguration;
			buildSettings = {
				ASSETCATALOG_COMPILER_APPICON_NAME = AppIcon;
				ASSETCATALOG_COMPILER_GLOBAL_ACCENT_COLOR_NAME = AccentColor;
				CODE_SIGN_IDENTITY = "Apple Development";
				CODE_SIGN_STYLE = Automatic;
				CURRENT_PROJECT_VERSION = 310;
				DEVELOPMENT_TEAM = 43CD66539H;
				ENABLE_PREVIEWS = YES;
				GENERATE_INFOPLIST_FILE = YES;
				INFOPLIST_FILE = "ManaGuide--iOS--Info.plist";
				INFOPLIST_KEY_UIApplicationSceneManifest_Generation = YES;
				INFOPLIST_KEY_UIApplicationSupportsIndirectInputEvents = YES;
				INFOPLIST_KEY_UILaunchScreen_Generation = YES;
				INFOPLIST_KEY_UILaunchStoryboardName = "Launch Screen.storyboard";
				INFOPLIST_KEY_UISupportedInterfaceOrientations_iPad = "UIInterfaceOrientationPortrait UIInterfaceOrientationPortraitUpsideDown UIInterfaceOrientationLandscapeLeft UIInterfaceOrientationLandscapeRight";
				INFOPLIST_KEY_UISupportedInterfaceOrientations_iPhone = "UIInterfaceOrientationPortrait UIInterfaceOrientationLandscapeLeft UIInterfaceOrientationLandscapeRight";
				IPHONEOS_DEPLOYMENT_TARGET = 16.4;
				LD_RUNPATH_SEARCH_PATHS = (
					"$(inherited)",
					"@executable_path/Frameworks",
				);
				MARKETING_VERSION = 3.1.0;
				PRODUCT_BUNDLE_IDENTIFIER = com.jovitoroyeca.ManaGuide;
				PRODUCT_NAME = "Mana Guide";
				PROVISIONING_PROFILE_SPECIFIER = "";
				SDKROOT = iphoneos;
				SWIFT_EMIT_LOC_STRINGS = YES;
				SWIFT_VERSION = 5.0;
				TARGETED_DEVICE_FAMILY = "1,2";
				VALIDATE_PRODUCT = YES;
			};
			name = Release;
		};
		8B41B7692812144F00AECF85 /* Debug */ = {
			isa = XCBuildConfiguration;
			buildSettings = {
				ASSETCATALOG_COMPILER_APPICON_NAME = AppIcon;
				ASSETCATALOG_COMPILER_GLOBAL_ACCENT_COLOR_NAME = AccentColor;
				CODE_SIGN_ENTITLEMENTS = macOS/macOS.entitlements;
				CODE_SIGN_IDENTITY = "-";
				CODE_SIGN_STYLE = Automatic;
				COMBINE_HIDPI_IMAGES = YES;
				CURRENT_PROJECT_VERSION = 1;
				DEAD_CODE_STRIPPING = YES;
				ENABLE_PREVIEWS = YES;
				GENERATE_INFOPLIST_FILE = YES;
				INFOPLIST_KEY_NSHumanReadableCopyright = "";
				LD_RUNPATH_SEARCH_PATHS = (
					"$(inherited)",
					"@executable_path/../Frameworks",
				);
				MACOSX_DEPLOYMENT_TARGET = 12.3;
				MARKETING_VERSION = 1.0;
				PRODUCT_BUNDLE_IDENTIFIER = com.jovitoroyeca.ManaGuide.ManaGuide;
				PRODUCT_NAME = ManaGuide;
				SDKROOT = macosx;
				SWIFT_EMIT_LOC_STRINGS = YES;
				SWIFT_VERSION = 5.0;
			};
			name = Debug;
		};
		8B41B76A2812144F00AECF85 /* Release */ = {
			isa = XCBuildConfiguration;
			buildSettings = {
				ASSETCATALOG_COMPILER_APPICON_NAME = AppIcon;
				ASSETCATALOG_COMPILER_GLOBAL_ACCENT_COLOR_NAME = AccentColor;
				CODE_SIGN_ENTITLEMENTS = macOS/macOS.entitlements;
				CODE_SIGN_IDENTITY = "-";
				CODE_SIGN_STYLE = Automatic;
				COMBINE_HIDPI_IMAGES = YES;
				CURRENT_PROJECT_VERSION = 1;
				DEAD_CODE_STRIPPING = YES;
				ENABLE_PREVIEWS = YES;
				GENERATE_INFOPLIST_FILE = YES;
				INFOPLIST_KEY_NSHumanReadableCopyright = "";
				LD_RUNPATH_SEARCH_PATHS = (
					"$(inherited)",
					"@executable_path/../Frameworks",
				);
				MACOSX_DEPLOYMENT_TARGET = 12.3;
				MARKETING_VERSION = 1.0;
				PRODUCT_BUNDLE_IDENTIFIER = com.jovitoroyeca.ManaGuide.ManaGuide;
				PRODUCT_NAME = ManaGuide;
				SDKROOT = macosx;
				SWIFT_EMIT_LOC_STRINGS = YES;
				SWIFT_VERSION = 5.0;
			};
			name = Release;
		};
		8B41B76C2812144F00AECF85 /* Debug */ = {
			isa = XCBuildConfiguration;
			buildSettings = {
				ALWAYS_EMBED_SWIFT_STANDARD_LIBRARIES = YES;
				CODE_SIGN_STYLE = Automatic;
				CURRENT_PROJECT_VERSION = 1;
				GENERATE_INFOPLIST_FILE = YES;
				IPHONEOS_DEPLOYMENT_TARGET = 15.5;
				MARKETING_VERSION = 1.0;
				PRODUCT_BUNDLE_IDENTIFIER = "com.jovitoroyeca.ManaGuide.Tests-iOS";
				PRODUCT_NAME = "$(TARGET_NAME)";
				SDKROOT = iphoneos;
				SWIFT_EMIT_LOC_STRINGS = NO;
				SWIFT_VERSION = 5.0;
				TARGETED_DEVICE_FAMILY = "1,2";
				TEST_TARGET_NAME = "ManaGuide (iOS)";
			};
			name = Debug;
		};
		8B41B76D2812144F00AECF85 /* Release */ = {
			isa = XCBuildConfiguration;
			buildSettings = {
				ALWAYS_EMBED_SWIFT_STANDARD_LIBRARIES = YES;
				CODE_SIGN_STYLE = Automatic;
				CURRENT_PROJECT_VERSION = 1;
				GENERATE_INFOPLIST_FILE = YES;
				IPHONEOS_DEPLOYMENT_TARGET = 15.5;
				MARKETING_VERSION = 1.0;
				PRODUCT_BUNDLE_IDENTIFIER = "com.jovitoroyeca.ManaGuide.Tests-iOS";
				PRODUCT_NAME = "$(TARGET_NAME)";
				SDKROOT = iphoneos;
				SWIFT_EMIT_LOC_STRINGS = NO;
				SWIFT_VERSION = 5.0;
				TARGETED_DEVICE_FAMILY = "1,2";
				TEST_TARGET_NAME = "ManaGuide (iOS)";
				VALIDATE_PRODUCT = YES;
			};
			name = Release;
		};
		8B41B76F2812144F00AECF85 /* Debug */ = {
			isa = XCBuildConfiguration;
			buildSettings = {
				ALWAYS_EMBED_SWIFT_STANDARD_LIBRARIES = YES;
				CODE_SIGN_STYLE = Automatic;
				CURRENT_PROJECT_VERSION = 1;
				DEAD_CODE_STRIPPING = YES;
				GENERATE_INFOPLIST_FILE = YES;
				MACOSX_DEPLOYMENT_TARGET = 12.3;
				MARKETING_VERSION = 1.0;
				PRODUCT_BUNDLE_IDENTIFIER = "com.jovitoroyeca.ManaGuide.Tests-macOS";
				PRODUCT_NAME = "$(TARGET_NAME)";
				SDKROOT = macosx;
				SWIFT_EMIT_LOC_STRINGS = NO;
				SWIFT_VERSION = 5.0;
				TEST_TARGET_NAME = "ManaGuide (macOS)";
			};
			name = Debug;
		};
		8B41B7702812144F00AECF85 /* Release */ = {
			isa = XCBuildConfiguration;
			buildSettings = {
				ALWAYS_EMBED_SWIFT_STANDARD_LIBRARIES = YES;
				CODE_SIGN_STYLE = Automatic;
				CURRENT_PROJECT_VERSION = 1;
				DEAD_CODE_STRIPPING = YES;
				GENERATE_INFOPLIST_FILE = YES;
				MACOSX_DEPLOYMENT_TARGET = 12.3;
				MARKETING_VERSION = 1.0;
				PRODUCT_BUNDLE_IDENTIFIER = "com.jovitoroyeca.ManaGuide.Tests-macOS";
				PRODUCT_NAME = "$(TARGET_NAME)";
				SDKROOT = macosx;
				SWIFT_EMIT_LOC_STRINGS = NO;
				SWIFT_VERSION = 5.0;
				TEST_TARGET_NAME = "ManaGuide (macOS)";
			};
			name = Release;
		};
/* End XCBuildConfiguration section */

/* Begin XCConfigurationList section */
		8B41B7332812144D00AECF85 /* Build configuration list for PBXProject "ManaGuide" */ = {
			isa = XCConfigurationList;
			buildConfigurations = (
				8B41B7632812144F00AECF85 /* Debug */,
				8B41B7642812144F00AECF85 /* Release */,
			);
			defaultConfigurationIsVisible = 0;
			defaultConfigurationName = Release;
		};
		8B41B7652812144F00AECF85 /* Build configuration list for PBXNativeTarget "ManaGuide (iOS)" */ = {
			isa = XCConfigurationList;
			buildConfigurations = (
				8B41B7662812144F00AECF85 /* Debug */,
				8B41B7672812144F00AECF85 /* Release */,
			);
			defaultConfigurationIsVisible = 0;
			defaultConfigurationName = Release;
		};
		8B41B7682812144F00AECF85 /* Build configuration list for PBXNativeTarget "ManaGuide (macOS)" */ = {
			isa = XCConfigurationList;
			buildConfigurations = (
				8B41B7692812144F00AECF85 /* Debug */,
				8B41B76A2812144F00AECF85 /* Release */,
			);
			defaultConfigurationIsVisible = 0;
			defaultConfigurationName = Release;
		};
		8B41B76B2812144F00AECF85 /* Build configuration list for PBXNativeTarget "Tests iOS" */ = {
			isa = XCConfigurationList;
			buildConfigurations = (
				8B41B76C2812144F00AECF85 /* Debug */,
				8B41B76D2812144F00AECF85 /* Release */,
			);
			defaultConfigurationIsVisible = 0;
			defaultConfigurationName = Release;
		};
		8B41B76E2812144F00AECF85 /* Build configuration list for PBXNativeTarget "Tests macOS" */ = {
			isa = XCConfigurationList;
			buildConfigurations = (
				8B41B76F2812144F00AECF85 /* Debug */,
				8B41B7702812144F00AECF85 /* Release */,
			);
			defaultConfigurationIsVisible = 0;
			defaultConfigurationName = Release;
		};
/* End XCConfigurationList section */

/* Begin XCRemoteSwiftPackageReference section */
		583684B62AF1FFF400DFE9EB /* XCRemoteSwiftPackageReference "swiftui-introspect" */ = {
			isa = XCRemoteSwiftPackageReference;
			repositoryURL = "https://github.com/siteline/swiftui-introspect.git";
			requirement = {
				kind = upToNextMajorVersion;
				minimumVersion = 1.1.1;
			};
		};
		583684BD2AF200AE00DFE9EB /* XCRemoteSwiftPackageReference "ScalingHeaderScrollView" */ = {
			isa = XCRemoteSwiftPackageReference;
			repositoryURL = "https://github.com/exyte/ScalingHeaderScrollView.git";
			requirement = {
				kind = upToNextMajorVersion;
				minimumVersion = 1.0.4;
			};
		};
		58452D262B68627E00612960 /* XCRemoteSwiftPackageReference "ManaKit" */ = {
			isa = XCRemoteSwiftPackageReference;
			repositoryURL = "https://github.com/vito-royeca/ManaKit.git";
			requirement = {
				branch = master;
				kind = branch;
			};
		};
		8B36954E2845296100D1F544 /* XCRemoteSwiftPackageReference "SwiftUIPager" */ = {
			isa = XCRemoteSwiftPackageReference;
			repositoryURL = "https://github.com/fermoya/SwiftUIPager.git";
			requirement = {
				branch = main;
				kind = branch;
			};
		};
		8B75CA2228130B8900597662 /* XCRemoteSwiftPackageReference "Kanna" */ = {
			isa = XCRemoteSwiftPackageReference;
			repositoryURL = "https://github.com/tid-kijyun/Kanna.git";
			requirement = {
				kind = upToNextMajorVersion;
				minimumVersion = 5.0.0;
			};
		};
		8B75CA2528130BD100597662 /* XCRemoteSwiftPackageReference "BetterSafariView" */ = {
			isa = XCRemoteSwiftPackageReference;
			repositoryURL = "https://github.com/stleamist/BetterSafariView.git";
			requirement = {
				branch = main;
				kind = branch;
			};
		};
		8B75CA2828130C0600597662 /* XCRemoteSwiftPackageReference "FeedKit" */ = {
			isa = XCRemoteSwiftPackageReference;
			repositoryURL = "https://github.com/nmdias/FeedKit.git";
			requirement = {
				kind = upToNextMajorVersion;
				minimumVersion = 9.0.0;
			};
		};
		8B75CA2E28130ECC00597662 /* XCRemoteSwiftPackageReference "firebase-ios-sdk" */ = {
			isa = XCRemoteSwiftPackageReference;
			repositoryURL = "https://github.com/firebase/firebase-ios-sdk";
			requirement = {
				kind = upToNextMajorVersion;
				minimumVersion = 8.0.0;
			};
		};
		8B75CA522816EE6C00597662 /* XCRemoteSwiftPackageReference "SwiftUIX" */ = {
			isa = XCRemoteSwiftPackageReference;
			repositoryURL = "https://github.com/SwiftUIX/SwiftUIX.git";
			requirement = {
				kind = upToNextMajorVersion;
				minimumVersion = 0.1.2;
			};
		};
		8B75CA562824BF3E00597662 /* XCRemoteSwiftPackageReference "ASCollectionView" */ = {
			isa = XCRemoteSwiftPackageReference;
			repositoryURL = "https://github.com/apptekstudios/ASCollectionView.git";
			requirement = {
				kind = upToNextMajorVersion;
				minimumVersion = 2.0.0;
			};
		};
/* End XCRemoteSwiftPackageReference section */

/* Begin XCSwiftPackageProductDependency section */
		583684B72AF1FFF400DFE9EB /* SwiftUIIntrospect */ = {
			isa = XCSwiftPackageProductDependency;
			package = 583684B62AF1FFF400DFE9EB /* XCRemoteSwiftPackageReference "swiftui-introspect" */;
			productName = SwiftUIIntrospect;
		};
		583684BE2AF200AE00DFE9EB /* ScalingHeaderScrollView */ = {
			isa = XCSwiftPackageProductDependency;
			package = 583684BD2AF200AE00DFE9EB /* XCRemoteSwiftPackageReference "ScalingHeaderScrollView" */;
			productName = ScalingHeaderScrollView;
		};
		58452D272B68627E00612960 /* ManaKit */ = {
			isa = XCSwiftPackageProductDependency;
			package = 58452D262B68627E00612960 /* XCRemoteSwiftPackageReference "ManaKit" */;
			productName = ManaKit;
		};
		58F888612AFA8D7D00AE7031 /* ManaKit */ = {
			isa = XCSwiftPackageProductDependency;
			productName = ManaKit;
		};
		8B34024E2824CAF200AC2705 /* ASCollectionView */ = {
			isa = XCSwiftPackageProductDependency;
			package = 8B75CA562824BF3E00597662 /* XCRemoteSwiftPackageReference "ASCollectionView" */;
			productName = ASCollectionView;
		};
		8B36954F2845296200D1F544 /* SwiftUIPager */ = {
			isa = XCSwiftPackageProductDependency;
			package = 8B36954E2845296100D1F544 /* XCRemoteSwiftPackageReference "SwiftUIPager" */;
			productName = SwiftUIPager;
		};
		8B75CA2328130B8900597662 /* Kanna */ = {
			isa = XCSwiftPackageProductDependency;
			package = 8B75CA2228130B8900597662 /* XCRemoteSwiftPackageReference "Kanna" */;
			productName = Kanna;
		};
		8B75CA2628130BD100597662 /* BetterSafariView */ = {
			isa = XCSwiftPackageProductDependency;
			package = 8B75CA2528130BD100597662 /* XCRemoteSwiftPackageReference "BetterSafariView" */;
			productName = BetterSafariView;
		};
		8B75CA2928130C0600597662 /* FeedKit */ = {
			isa = XCSwiftPackageProductDependency;
			package = 8B75CA2828130C0600597662 /* XCRemoteSwiftPackageReference "FeedKit" */;
			productName = FeedKit;
		};
		8B75CA2F28130ECC00597662 /* FirebaseAuth */ = {
			isa = XCSwiftPackageProductDependency;
			package = 8B75CA2E28130ECC00597662 /* XCRemoteSwiftPackageReference "firebase-ios-sdk" */;
			productName = FirebaseAuth;
		};
		8B75CA3128130ECC00597662 /* FirebaseCrashlytics */ = {
			isa = XCSwiftPackageProductDependency;
			package = 8B75CA2E28130ECC00597662 /* XCRemoteSwiftPackageReference "firebase-ios-sdk" */;
			productName = FirebaseCrashlytics;
		};
		8B75CA3328130ECC00597662 /* FirebaseDatabase */ = {
			isa = XCSwiftPackageProductDependency;
			package = 8B75CA2E28130ECC00597662 /* XCRemoteSwiftPackageReference "firebase-ios-sdk" */;
			productName = FirebaseDatabase;
		};
		8B75CA3D281311E000597662 /* Kanna */ = {
			isa = XCSwiftPackageProductDependency;
			package = 8B75CA2228130B8900597662 /* XCRemoteSwiftPackageReference "Kanna" */;
			productName = Kanna;
		};
		8B75CA3F281311E000597662 /* FeedKit */ = {
			isa = XCSwiftPackageProductDependency;
			package = 8B75CA2828130C0600597662 /* XCRemoteSwiftPackageReference "FeedKit" */;
			productName = FeedKit;
		};
		8B75CA43281311E000597662 /* FirebaseAuth */ = {
			isa = XCSwiftPackageProductDependency;
			package = 8B75CA2E28130ECC00597662 /* XCRemoteSwiftPackageReference "firebase-ios-sdk" */;
			productName = FirebaseAuth;
		};
		8B75CA45281311E000597662 /* FirebaseCrashlytics */ = {
			isa = XCSwiftPackageProductDependency;
			package = 8B75CA2E28130ECC00597662 /* XCRemoteSwiftPackageReference "firebase-ios-sdk" */;
			productName = FirebaseCrashlytics;
		};
		8B75CA47281311E000597662 /* FirebaseDatabase */ = {
			isa = XCSwiftPackageProductDependency;
			package = 8B75CA2E28130ECC00597662 /* XCRemoteSwiftPackageReference "firebase-ios-sdk" */;
			productName = FirebaseDatabase;
		};
		8B75CA532816EE6C00597662 /* SwiftUIX */ = {
			isa = XCSwiftPackageProductDependency;
			package = 8B75CA522816EE6C00597662 /* XCRemoteSwiftPackageReference "SwiftUIX" */;
			productName = SwiftUIX;
		};
/* End XCSwiftPackageProductDependency section */
	};
	rootObject = 8B41B7302812144D00AECF85 /* Project object */;
}
